// !$*UTF8*$!
{
	archiveVersion = 1;
	classes = {
	};
	objectVersion = 46;
	objects = {

/* Begin PBXBuildFile section */
		84932DC5197A28E500D91D4B /* Foundation.framework in Frameworks */ = {isa = PBXBuildFile; fileRef = 84932DC4197A28E500D91D4B /* Foundation.framework */; };
		84932DC7197A28E500D91D4B /* CoreGraphics.framework in Frameworks */ = {isa = PBXBuildFile; fileRef = 84932DC6197A28E500D91D4B /* CoreGraphics.framework */; };
		84932DC9197A28E500D91D4B /* UIKit.framework in Frameworks */ = {isa = PBXBuildFile; fileRef = 84932DC8197A28E500D91D4B /* UIKit.framework */; };
		84932DCF197A28E500D91D4B /* InfoPlist.strings in Resources */ = {isa = PBXBuildFile; fileRef = 84932DCD197A28E500D91D4B /* InfoPlist.strings */; };
		84932DD1197A28E500D91D4B /* main.m in Sources */ = {isa = PBXBuildFile; fileRef = 84932DD0197A28E500D91D4B /* main.m */; };
		84932DD5197A28E500D91D4B /* AppDelegate.m in Sources */ = {isa = PBXBuildFile; fileRef = 84932DD4197A28E500D91D4B /* AppDelegate.m */; };
		84932DD8197A28E500D91D4B /* Main.storyboard in Resources */ = {isa = PBXBuildFile; fileRef = 84932DD6197A28E500D91D4B /* Main.storyboard */; };
		84932DDB197A28E500D91D4B /* ViewController.m in Sources */ = {isa = PBXBuildFile; fileRef = 84932DDA197A28E500D91D4B /* ViewController.m */; };
		84932DDD197A28E500D91D4B /* Images.xcassets in Resources */ = {isa = PBXBuildFile; fileRef = 84932DDC197A28E500D91D4B /* Images.xcassets */; };
		84932DE4197A28E500D91D4B /* XCTest.framework in Frameworks */ = {isa = PBXBuildFile; fileRef = 84932DE3197A28E500D91D4B /* XCTest.framework */; };
		84932DE5197A28E500D91D4B /* Foundation.framework in Frameworks */ = {isa = PBXBuildFile; fileRef = 84932DC4197A28E500D91D4B /* Foundation.framework */; };
		84932DE6197A28E500D91D4B /* UIKit.framework in Frameworks */ = {isa = PBXBuildFile; fileRef = 84932DC8197A28E500D91D4B /* UIKit.framework */; };
		84932DEE197A28E500D91D4B /* InfoPlist.strings in Resources */ = {isa = PBXBuildFile; fileRef = 84932DEC197A28E500D91D4B /* InfoPlist.strings */; };
		84932DF0197A28E500D91D4B /* DictonaryDemoTests.m in Sources */ = {isa = PBXBuildFile; fileRef = 84932DEF197A28E500D91D4B /* DictonaryDemoTests.m */; };
/* End PBXBuildFile section */

/* Begin PBXContainerItemProxy section */
		84932DE7197A28E500D91D4B /* PBXContainerItemProxy */ = {
			isa = PBXContainerItemProxy;
			containerPortal = 84932DB9197A28E500D91D4B /* Project object */;
			proxyType = 1;
			remoteGlobalIDString = 84932DC0197A28E500D91D4B;
			remoteInfo = DictonaryDemo;
		};
/* End PBXContainerItemProxy section */

/* Begin PBXFileReference section */
		84932DC1197A28E500D91D4B /* DictonaryDemo.app */ = {isa = PBXFileReference; explicitFileType = wrapper.application; includeInIndex = 0; path = DictonaryDemo.app; sourceTree = BUILT_PRODUCTS_DIR; };
		84932DC4197A28E500D91D4B /* Foundation.framework */ = {isa = PBXFileReference; lastKnownFileType = wrapper.framework; name = Foundation.framework; path = System/Library/Frameworks/Foundation.framework; sourceTree = SDKROOT; };
		84932DC6197A28E500D91D4B /* CoreGraphics.framework */ = {isa = PBXFileReference; lastKnownFileType = wrapper.framework; name = CoreGraphics.framework; path = System/Library/Frameworks/CoreGraphics.framework; sourceTree = SDKROOT; };
		84932DC8197A28E500D91D4B /* UIKit.framework */ = {isa = PBXFileReference; lastKnownFileType = wrapper.framework; name = UIKit.framework; path = System/Library/Frameworks/UIKit.framework; sourceTree = SDKROOT; };
		84932DCC197A28E500D91D4B /* DictonaryDemo-Info.plist */ = {isa = PBXFileReference; lastKnownFileType = text.plist.xml; path = "DictonaryDemo-Info.plist"; sourceTree = "<group>"; };
		84932DCE197A28E500D91D4B /* en */ = {isa = PBXFileReference; lastKnownFileType = text.plist.strings; name = en; path = en.lproj/InfoPlist.strings; sourceTree = "<group>"; };
		84932DD0197A28E500D91D4B /* main.m */ = {isa = PBXFileReference; lastKnownFileType = sourcecode.c.objc; path = main.m; sourceTree = "<group>"; };
		84932DD2197A28E500D91D4B /* DictonaryDemo-Prefix.pch */ = {isa = PBXFileReference; lastKnownFileType = sourcecode.c.h; path = "DictonaryDemo-Prefix.pch"; sourceTree = "<group>"; };
		84932DD3197A28E500D91D4B /* AppDelegate.h */ = {isa = PBXFileReference; lastKnownFileType = sourcecode.c.h; path = AppDelegate.h; sourceTree = "<group>"; };
		84932DD4197A28E500D91D4B /* AppDelegate.m */ = {isa = PBXFileReference; lastKnownFileType = sourcecode.c.objc; path = AppDelegate.m; sourceTree = "<group>"; };
		84932DD7197A28E500D91D4B /* Base */ = {isa = PBXFileReference; lastKnownFileType = file.storyboard; name = Base; path = Base.lproj/Main.storyboard; sourceTree = "<group>"; };
		84932DD9197A28E500D91D4B /* ViewController.h */ = {isa = PBXFileReference; lastKnownFileType = sourcecode.c.h; path = ViewController.h; sourceTree = "<group>"; };
		84932DDA197A28E500D91D4B /* ViewController.m */ = {isa = PBXFileReference; lastKnownFileType = sourcecode.c.objc; path = ViewController.m; sourceTree = "<group>"; };
		84932DDC197A28E500D91D4B /* Images.xcassets */ = {isa = PBXFileReference; lastKnownFileType = folder.assetcatalog; path = Images.xcassets; sourceTree = "<group>"; };
		84932DE2197A28E500D91D4B /* DictonaryDemoTests.xctest */ = {isa = PBXFileReference; explicitFileType = wrapper.cfbundle; includeInIndex = 0; path = DictonaryDemoTests.xctest; sourceTree = BUILT_PRODUCTS_DIR; };
		84932DE3197A28E500D91D4B /* XCTest.framework */ = {isa = PBXFileReference; lastKnownFileType = wrapper.framework; name = XCTest.framework; path = Library/Frameworks/XCTest.framework; sourceTree = DEVELOPER_DIR; };
		84932DEB197A28E500D91D4B /* DictonaryDemoTests-Info.plist */ = {isa = PBXFileReference; lastKnownFileType = text.plist.xml; path = "DictonaryDemoTests-Info.plist"; sourceTree = "<group>"; };
		84932DED197A28E500D91D4B /* en */ = {isa = PBXFileReference; lastKnownFileType = text.plist.strings; name = en; path = en.lproj/InfoPlist.strings; sourceTree = "<group>"; };
		84932DEF197A28E500D91D4B /* DictonaryDemoTests.m */ = {isa = PBXFileReference; lastKnownFileType = sourcecode.c.objc; path = DictonaryDemoTests.m; sourceTree = "<group>"; };
/* End PBXFileReference section */

/* Begin PBXFrameworksBuildPhase section */
		84932DBE197A28E500D91D4B /* Frameworks */ = {
			isa = PBXFrameworksBuildPhase;
			buildActionMask = 2147483647;
			files = (
				84932DC7197A28E500D91D4B /* CoreGraphics.framework in Frameworks */,
				84932DC9197A28E500D91D4B /* UIKit.framework in Frameworks */,
				84932DC5197A28E500D91D4B /* Foundation.framework in Frameworks */,
			);
			runOnlyForDeploymentPostprocessing = 0;
		};
		84932DDF197A28E500D91D4B /* Frameworks */ = {
			isa = PBXFrameworksBuildPhase;
			buildActionMask = 2147483647;
			files = (
				84932DE4197A28E500D91D4B /* XCTest.framework in Frameworks */,
				84932DE6197A28E500D91D4B /* UIKit.framework in Frameworks */,
				84932DE5197A28E500D91D4B /* Foundation.framework in Frameworks */,
			);
			runOnlyForDeploymentPostprocessing = 0;
		};
/* End PBXFrameworksBuildPhase section */

/* Begin PBXGroup section */
		84932DB8197A28E500D91D4B = {
			isa = PBXGroup;
			children = (
				84932DCA197A28E500D91D4B /* DictonaryDemo */,
				84932DE9197A28E500D91D4B /* DictonaryDemoTests */,
				84932DC3197A28E500D91D4B /* Frameworks */,
				84932DC2197A28E500D91D4B /* Products */,
			);
			sourceTree = "<group>";
		};
		84932DC2197A28E500D91D4B /* Products */ = {
			isa = PBXGroup;
			children = (
				84932DC1197A28E500D91D4B /* DictonaryDemo.app */,
				84932DE2197A28E500D91D4B /* DictonaryDemoTests.xctest */,
			);
			name = Products;
			sourceTree = "<group>";
		};
		84932DC3197A28E500D91D4B /* Frameworks */ = {
			isa = PBXGroup;
			children = (
				84932DC4197A28E500D91D4B /* Foundation.framework */,
				84932DC6197A28E500D91D4B /* CoreGraphics.framework */,
				84932DC8197A28E500D91D4B /* UIKit.framework */,
				84932DE3197A28E500D91D4B /* XCTest.framework */,
			);
			name = Frameworks;
			sourceTree = "<group>";
		};
		84932DCA197A28E500D91D4B /* DictonaryDemo */ = {
			isa = PBXGroup;
			children = (
				84932DD3197A28E500D91D4B /* AppDelegate.h */,
				84932DD4197A28E500D91D4B /* AppDelegate.m */,
				84932DD6197A28E500D91D4B /* Main.storyboard */,
				84932DD9197A28E500D91D4B /* ViewController.h */,
				84932DDA197A28E500D91D4B /* ViewController.m */,
				84932DDC197A28E500D91D4B /* Images.xcassets */,
				84932DCB197A28E500D91D4B /* Supporting Files */,
			);
			path = DictonaryDemo;
			sourceTree = "<group>";
		};
		84932DCB197A28E500D91D4B /* Supporting Files */ = {
			isa = PBXGroup;
			children = (
				84932DCC197A28E500D91D4B /* DictonaryDemo-Info.plist */,
				84932DCD197A28E500D91D4B /* InfoPlist.strings */,
				84932DD0197A28E500D91D4B /* main.m */,
				84932DD2197A28E500D91D4B /* DictonaryDemo-Prefix.pch */,
			);
			name = "Supporting Files";
			sourceTree = "<group>";
		};
		84932DE9197A28E500D91D4B /* DictonaryDemoTests */ = {
			isa = PBXGroup;
			children = (
				84932DEF197A28E500D91D4B /* DictonaryDemoTests.m */,
				84932DEA197A28E500D91D4B /* Supporting Files */,
			);
			path = DictonaryDemoTests;
			sourceTree = "<group>";
		};
		84932DEA197A28E500D91D4B /* Supporting Files */ = {
			isa = PBXGroup;
			children = (
				84932DEB197A28E500D91D4B /* DictonaryDemoTests-Info.plist */,
				84932DEC197A28E500D91D4B /* InfoPlist.strings */,
			);
			name = "Supporting Files";
			sourceTree = "<group>";
		};
/* End PBXGroup section */

/* Begin PBXNativeTarget section */
		84932DC0197A28E500D91D4B /* DictonaryDemo */ = {
			isa = PBXNativeTarget;
			buildConfigurationList = 84932DF3197A28E500D91D4B /* Build configuration list for PBXNativeTarget "DictonaryDemo" */;
			buildPhases = (
				84932DBD197A28E500D91D4B /* Sources */,
				84932DBE197A28E500D91D4B /* Frameworks */,
				84932DBF197A28E500D91D4B /* Resources */,
			);
			buildRules = (
			);
			dependencies = (
			);
			name = DictonaryDemo;
			productName = DictonaryDemo;
			productReference = 84932DC1197A28E500D91D4B /* DictonaryDemo.app */;
			productType = "com.apple.product-type.application";
		};
		84932DE1197A28E500D91D4B /* DictonaryDemoTests */ = {
			isa = PBXNativeTarget;
			buildConfigurationList = 84932DF6197A28E500D91D4B /* Build configuration list for PBXNativeTarget "DictonaryDemoTests" */;
			buildPhases = (
				84932DDE197A28E500D91D4B /* Sources */,
				84932DDF197A28E500D91D4B /* Frameworks */,
				84932DE0197A28E500D91D4B /* Resources */,
			);
			buildRules = (
			);
			dependencies = (
				84932DE8197A28E500D91D4B /* PBXTargetDependency */,
			);
			name = DictonaryDemoTests;
			productName = DictonaryDemoTests;
			productReference = 84932DE2197A28E500D91D4B /* DictonaryDemoTests.xctest */;
			productType = "com.apple.product-type.bundle.unit-test";
		};
/* End PBXNativeTarget section */

/* Begin PBXProject section */
		84932DB9197A28E500D91D4B /* Project object */ = {
			isa = PBXProject;
			attributes = {
				LastUpgradeCheck = 0510;
				ORGANIZATIONNAME = Vaibhav;
				TargetAttributes = {
					84932DC0197A28E500D91D4B = {
						DevelopmentTeam = NNGAJEPAAS;
					};
					84932DE1197A28E500D91D4B = {
						TestTargetID = 84932DC0197A28E500D91D4B;
					};
				};
			};
			buildConfigurationList = 84932DBC197A28E500D91D4B /* Build configuration list for PBXProject "DictonaryDemo" */;
			compatibilityVersion = "Xcode 3.2";
			developmentRegion = English;
			hasScannedForEncodings = 0;
			knownRegions = (
				en,
				Base,
			);
			mainGroup = 84932DB8197A28E500D91D4B;
			productRefGroup = 84932DC2197A28E500D91D4B /* Products */;
			projectDirPath = "";
			projectRoot = "";
			targets = (
				84932DC0197A28E500D91D4B /* DictonaryDemo */,
				84932DE1197A28E500D91D4B /* DictonaryDemoTests */,
			);
		};
/* End PBXProject section */

/* Begin PBXResourcesBuildPhase section */
		84932DBF197A28E500D91D4B /* Resources */ = {
			isa = PBXResourcesBuildPhase;
			buildActionMask = 2147483647;
			files = (
				84932DDD197A28E500D91D4B /* Images.xcassets in Resources */,
				84932DCF197A28E500D91D4B /* InfoPlist.strings in Resources */,
				84932DD8197A28E500D91D4B /* Main.storyboard in Resources */,
			);
			runOnlyForDeploymentPostprocessing = 0;
		};
		84932DE0197A28E500D91D4B /* Resources */ = {
			isa = PBXResourcesBuildPhase;
			buildActionMask = 2147483647;
			files = (
				84932DEE197A28E500D91D4B /* InfoPlist.strings in Resources */,
			);
			runOnlyForDeploymentPostprocessing = 0;
		};
/* End PBXResourcesBuildPhase section */

/* Begin PBXSourcesBuildPhase section */
		84932DBD197A28E500D91D4B /* Sources */ = {
			isa = PBXSourcesBuildPhase;
			buildActionMask = 2147483647;
			files = (
				84932DDB197A28E500D91D4B /* ViewController.m in Sources */,
				84932DD5197A28E500D91D4B /* AppDelegate.m in Sources */,
				84932DD1197A28E500D91D4B /* main.m in Sources */,
			);
			runOnlyForDeploymentPostprocessing = 0;
		};
		84932DDE197A28E500D91D4B /* Sources */ = {
			isa = PBXSourcesBuildPhase;
			buildActionMask = 2147483647;
			files = (
				84932DF0197A28E500D91D4B /* DictonaryDemoTests.m in Sources */,
			);
			runOnlyForDeploymentPostprocessing = 0;
		};
/* End PBXSourcesBuildPhase section */

/* Begin PBXTargetDependency section */
		84932DE8197A28E500D91D4B /* PBXTargetDependency */ = {
			isa = PBXTargetDependency;
			target = 84932DC0197A28E500D91D4B /* DictonaryDemo */;
			targetProxy = 84932DE7197A28E500D91D4B /* PBXContainerItemProxy */;
		};
/* End PBXTargetDependency section */

/* Begin PBXVariantGroup section */
		84932DCD197A28E500D91D4B /* InfoPlist.strings */ = {
			isa = PBXVariantGroup;
			children = (
				84932DCE197A28E500D91D4B /* en */,
			);
			name = InfoPlist.strings;
			sourceTree = "<group>";
		};
		84932DD6197A28E500D91D4B /* Main.storyboard */ = {
			isa = PBXVariantGroup;
			children = (
				84932DD7197A28E500D91D4B /* Base */,
			);
			name = Main.storyboard;
			sourceTree = "<group>";
		};
		84932DEC197A28E500D91D4B /* InfoPlist.strings */ = {
			isa = PBXVariantGroup;
			children = (
				84932DED197A28E500D91D4B /* en */,
			);
			name = InfoPlist.strings;
			sourceTree = "<group>";
		};
/* End PBXVariantGroup section */

/* Begin XCBuildConfiguration section */
		84932DF1197A28E500D91D4B /* Debug */ = {
			isa = XCBuildConfiguration;
			buildSettings = {
				ALWAYS_SEARCH_USER_PATHS = NO;
				CLANG_CXX_LANGUAGE_STANDARD = "gnu++0x";
				CLANG_CXX_LIBRARY = "libc++";
				CLANG_ENABLE_MODULES = YES;
				CLANG_ENABLE_OBJC_ARC = YES;
				CLANG_WARN_BOOL_CONVERSION = YES;
				CLANG_WARN_CONSTANT_CONVERSION = YES;
				CLANG_WARN_DIRECT_OBJC_ISA_USAGE = YES_ERROR;
				CLANG_WARN_EMPTY_BODY = YES;
				CLANG_WARN_ENUM_CONVERSION = YES;
				CLANG_WARN_INT_CONVERSION = YES;
				CLANG_WARN_OBJC_ROOT_CLASS = YES_ERROR;
				CLANG_WARN__DUPLICATE_METHOD_MATCH = YES;
				"CODE_SIGN_IDENTITY[sdk=iphoneos*]" = "iPhone Developer";
				COPY_PHASE_STRIP = NO;
				GCC_C_LANGUAGE_STANDARD = gnu99;
				GCC_DYNAMIC_NO_PIC = NO;
				GCC_OPTIMIZATION_LEVEL = 0;
				GCC_PREPROCESSOR_DEFINITIONS = (
					"DEBUG=1",
					"$(inherited)",
				);
				GCC_SYMBOLS_PRIVATE_EXTERN = NO;
				GCC_WARN_64_TO_32_BIT_CONVERSION = YES;
				GCC_WARN_ABOUT_RETURN_TYPE = YES_ERROR;
				GCC_WARN_UNDECLARED_SELECTOR = YES;
				GCC_WARN_UNINITIALIZED_AUTOS = YES_AGGRESSIVE;
				GCC_WARN_UNUSED_FUNCTION = YES;
				GCC_WARN_UNUSED_VARIABLE = YES;
				IPHONEOS_DEPLOYMENT_TARGET = 7.1;
				ONLY_ACTIVE_ARCH = YES;
				SDKROOT = iphoneos;
			};
			name = Debug;
		};
		84932DF2197A28E500D91D4B /* Release */ = {
			isa = XCBuildConfiguration;
			buildSettings = {
				ALWAYS_SEARCH_USER_PATHS = NO;
				CLANG_CXX_LANGUAGE_STANDARD = "gnu++0x";
				CLANG_CXX_LIBRARY = "libc++";
				CLANG_ENABLE_MODULES = YES;
				CLANG_ENABLE_OBJC_ARC = YES;
				CLANG_WARN_BOOL_CONVERSION = YES;
				CLANG_WARN_CONSTANT_CONVERSION = YES;
				CLANG_WARN_DIRECT_OBJC_ISA_USAGE = YES_ERROR;
				CLANG_WARN_EMPTY_BODY = YES;
				CLANG_WARN_ENUM_CONVERSION = YES;
				CLANG_WARN_INT_CONVERSION = YES;
				CLANG_WARN_OBJC_ROOT_CLASS = YES_ERROR;
				CLANG_WARN__DUPLICATE_METHOD_MATCH = YES;
				"CODE_SIGN_IDENTITY[sdk=iphoneos*]" = "iPhone Developer";
				COPY_PHASE_STRIP = YES;
				ENABLE_NS_ASSERTIONS = NO;
				GCC_C_LANGUAGE_STANDARD = gnu99;
				GCC_WARN_64_TO_32_BIT_CONVERSION = YES;
				GCC_WARN_ABOUT_RETURN_TYPE = YES_ERROR;
				GCC_WARN_UNDECLARED_SELECTOR = YES;
				GCC_WARN_UNINITIALIZED_AUTOS = YES_AGGRESSIVE;
				GCC_WARN_UNUSED_FUNCTION = YES;
				GCC_WARN_UNUSED_VARIABLE = YES;
				IPHONEOS_DEPLOYMENT_TARGET = 7.1;
				SDKROOT = iphoneos;
				VALIDATE_PRODUCT = YES;
			};
			name = Release;
		};
		84932DF4197A28E500D91D4B /* Debug */ = {
			isa = XCBuildConfiguration;
			buildSettings = {
				ASSETCATALOG_COMPILER_APPICON_NAME = AppIcon;
				ASSETCATALOG_COMPILER_LAUNCHIMAGE_NAME = LaunchImage;
				CODE_SIGN_IDENTITY = "iPhone Developer";
				"CODE_SIGN_IDENTITY[sdk=iphoneos*]" = "iPhone Developer";
				GCC_PRECOMPILE_PREFIX_HEADER = YES;
				GCC_PREFIX_HEADER = "DictonaryDemo/DictonaryDemo-Prefix.pch";
				INFOPLIST_FILE = "DictonaryDemo/DictonaryDemo-Info.plist";
				PRODUCT_NAME = "$(TARGET_NAME)";
				PROVISIONING_PROFILE = "";
				WRAPPER_EXTENSION = app;
			};
			name = Debug;
		};
		84932DF5197A28E500D91D4B /* Release */ = {
			isa = XCBuildConfiguration;
			buildSettings = {
				ASSETCATALOG_COMPILER_APPICON_NAME = AppIcon;
				ASSETCATALOG_COMPILER_LAUNCHIMAGE_NAME = LaunchImage;
				CODE_SIGN_IDENTITY = "iPhone Developer";
				"CODE_SIGN_IDENTITY[sdk=iphoneos*]" = "iPhone Developer";
				GCC_PRECOMPILE_PREFIX_HEADER = YES;
				GCC_PREFIX_HEADER = "DictonaryDemo/DictonaryDemo-Prefix.pch";
				INFOPLIST_FILE = "DictonaryDemo/DictonaryDemo-Info.plist";
				PRODUCT_NAME = "$(TARGET_NAME)";
				PROVISIONING_PROFILE = "";
				WRAPPER_EXTENSION = app;
			};
			name = Release;
		};
		84932DF7197A28E500D91D4B /* Debug */ = {
			isa = XCBuildConfiguration;
			buildSettings = {
				BUNDLE_LOADER = "$(BUILT_PRODUCTS_DIR)/DictonaryDemo.app/DictonaryDemo";
				FRAMEWORK_SEARCH_PATHS = (
					"$(SDKROOT)/Developer/Library/Frameworks",
					"$(inherited)",
					"$(DEVELOPER_FRAMEWORKS_DIR)",
				);
				GCC_PRECOMPILE_PREFIX_HEADER = YES;
				GCC_PREFIX_HEADER = "DictonaryDemo/DictonaryDemo-Prefix.pch";
				GCC_PREPROCESSOR_DEFINITIONS = (
					"DEBUG=1",
					"$(inherited)",
				);
				INFOPLIST_FILE = "DictonaryDemoTests/DictonaryDemoTests-Info.plist";
				PRODUCT_NAME = "$(TARGET_NAME)";
				TEST_HOST = "$(BUNDLE_LOADER)";
				WRAPPER_EXTENSION = xctest;
			};
			name = Debug;
		};
		84932DF8197A28E500D91D4B /* Release */ = {
			isa = XCBuildConfiguration;
			buildSettings = {
				BUNDLE_LOADER = "$(BUILT_PRODUCTS_DIR)/DictonaryDemo.app/DictonaryDemo";
				FRAMEWORK_SEARCH_PATHS = (
					"$(SDKROOT)/Developer/Library/Frameworks",
					"$(inherited)",
					"$(DEVELOPER_FRAMEWORKS_DIR)",
				);
				GCC_PRECOMPILE_PREFIX_HEADER = YES;
				GCC_PREFIX_HEADER = "DictonaryDemo/DictonaryDemo-Prefix.pch";
				INFOPLIST_FILE = "DictonaryDemoTests/DictonaryDemoTests-Info.plist";
				PRODUCT_NAME = "$(TARGET_NAME)";
				TEST_HOST = "$(BUNDLE_LOADER)";
				WRAPPER_EXTENSION = xctest;
			};
			name = Release;
		};
/* End XCBuildConfiguration section */

/* Begin XCConfigurationList section */
		84932DBC197A28E500D91D4B /* Build configuration list for PBXProject "DictonaryDemo" */ = {
			isa = XCConfigurationList;
			buildConfigurations = (
				84932DF1197A28E500D91D4B /* Debug */,
				84932DF2197A28E500D91D4B /* Release */,
			);
			defaultConfigurationIsVisible = 0;
			defaultConfigurationName = Release;
		};
		84932DF3197A28E500D91D4B /* Build configuration list for PBXNativeTarget "DictonaryDemo" */ = {
			isa = XCConfigurationList;
			buildConfigurations = (
				84932DF4197A28E500D91D4B /* Debug */,
				84932DF5197A28E500D91D4B /* Release */,
			);
			defaultConfigurationIsVisible = 0;
			defaultConfigurationName = Release;
		};
		84932DF6197A28E500D91D4B /* Build configuration list for PBXNativeTarget "DictonaryDemoTests" */ = {
			isa = XCConfigurationList;
			buildConfigurations = (
				84932DF7197A28E500D91D4B /* Debug */,
				84932DF8197A28E500D91D4B /* Release */,
			);
			defaultConfigurationIsVisible = 0;
			defaultConfigurationName = Release;
		};
/* End XCConfigurationList section */
	};
	rootObject = 84932DB9197A28E500D91D4B /* Project object */;
}
