// !$*UTF8*$!
{
	archiveVersion = 1;
	classes = {
	};
	objectVersion = 46;
	objects = {

/* Begin PBXBuildFile section */
		84A2974D196D4029002E6F0D /* Foundation.framework in Frameworks */ = {isa = PBXBuildFile; fileRef = 84A2974C196D4029002E6F0D /* Foundation.framework */; };
		84A2974F196D4029002E6F0D /* CoreGraphics.framework in Frameworks */ = {isa = PBXBuildFile; fileRef = 84A2974E196D4029002E6F0D /* CoreGraphics.framework */; };
		84A29751196D4029002E6F0D /* UIKit.framework in Frameworks */ = {isa = PBXBuildFile; fileRef = 84A29750196D4029002E6F0D /* UIKit.framework */; };
		84A29757196D4029002E6F0D /* InfoPlist.strings in Resources */ = {isa = PBXBuildFile; fileRef = 84A29755196D4029002E6F0D /* InfoPlist.strings */; };
		84A29759196D4029002E6F0D /* main.m in Sources */ = {isa = PBXBuildFile; fileRef = 84A29758196D4029002E6F0D /* main.m */; };
		84A2975D196D4029002E6F0D /* AppDelegate.m in Sources */ = {isa = PBXBuildFile; fileRef = 84A2975C196D4029002E6F0D /* AppDelegate.m */; };
		84A29760196D4029002E6F0D /* Main.storyboard in Resources */ = {isa = PBXBuildFile; fileRef = 84A2975E196D4029002E6F0D /* Main.storyboard */; };
		84A29763196D4029002E6F0D /* ViewController.m in Sources */ = {isa = PBXBuildFile; fileRef = 84A29762196D4029002E6F0D /* ViewController.m */; };
		84A29765196D4029002E6F0D /* Images.xcassets in Resources */ = {isa = PBXBuildFile; fileRef = 84A29764196D4029002E6F0D /* Images.xcassets */; };
		84A2976C196D4029002E6F0D /* XCTest.framework in Frameworks */ = {isa = PBXBuildFile; fileRef = 84A2976B196D4029002E6F0D /* XCTest.framework */; };
		84A2976D196D402A002E6F0D /* Foundation.framework in Frameworks */ = {isa = PBXBuildFile; fileRef = 84A2974C196D4029002E6F0D /* Foundation.framework */; };
		84A2976E196D402A002E6F0D /* UIKit.framework in Frameworks */ = {isa = PBXBuildFile; fileRef = 84A29750196D4029002E6F0D /* UIKit.framework */; };
		84A29776196D402A002E6F0D /* InfoPlist.strings in Resources */ = {isa = PBXBuildFile; fileRef = 84A29774196D402A002E6F0D /* InfoPlist.strings */; };
		84A29778196D402A002E6F0D /* CoreGraphicsPracticeTests.m in Sources */ = {isa = PBXBuildFile; fileRef = 84A29777196D402A002E6F0D /* CoreGraphicsPracticeTests.m */; };
		84A29783196D411A002E6F0D /* MyView.m in Sources */ = {isa = PBXBuildFile; fileRef = 84A29782196D411A002E6F0D /* MyView.m */; };
/* End PBXBuildFile section */

/* Begin PBXContainerItemProxy section */
		84A2976F196D402A002E6F0D /* PBXContainerItemProxy */ = {
			isa = PBXContainerItemProxy;
			containerPortal = 84A29741196D4029002E6F0D /* Project object */;
			proxyType = 1;
			remoteGlobalIDString = 84A29748196D4029002E6F0D;
			remoteInfo = CoreGraphicsPractice;
		};
/* End PBXContainerItemProxy section */

/* Begin PBXFileReference section */
		84A29749196D4029002E6F0D /* CoreGraphicsPractice.app */ = {isa = PBXFileReference; explicitFileType = wrapper.application; includeInIndex = 0; path = CoreGraphicsPractice.app; sourceTree = BUILT_PRODUCTS_DIR; };
		84A2974C196D4029002E6F0D /* Foundation.framework */ = {isa = PBXFileReference; lastKnownFileType = wrapper.framework; name = Foundation.framework; path = System/Library/Frameworks/Foundation.framework; sourceTree = SDKROOT; };
		84A2974E196D4029002E6F0D /* CoreGraphics.framework */ = {isa = PBXFileReference; lastKnownFileType = wrapper.framework; name = CoreGraphics.framework; path = System/Library/Frameworks/CoreGraphics.framework; sourceTree = SDKROOT; };
		84A29750196D4029002E6F0D /* UIKit.framework */ = {isa = PBXFileReference; lastKnownFileType = wrapper.framework; name = UIKit.framework; path = System/Library/Frameworks/UIKit.framework; sourceTree = SDKROOT; };
		84A29754196D4029002E6F0D /* CoreGraphicsPractice-Info.plist */ = {isa = PBXFileReference; lastKnownFileType = text.plist.xml; path = "CoreGraphicsPractice-Info.plist"; sourceTree = "<group>"; };
		84A29756196D4029002E6F0D /* en */ = {isa = PBXFileReference; lastKnownFileType = text.plist.strings; name = en; path = en.lproj/InfoPlist.strings; sourceTree = "<group>"; };
		84A29758196D4029002E6F0D /* main.m */ = {isa = PBXFileReference; lastKnownFileType = sourcecode.c.objc; path = main.m; sourceTree = "<group>"; };
		84A2975A196D4029002E6F0D /* CoreGraphicsPractice-Prefix.pch */ = {isa = PBXFileReference; lastKnownFileType = sourcecode.c.h; path = "CoreGraphicsPractice-Prefix.pch"; sourceTree = "<group>"; };
		84A2975B196D4029002E6F0D /* AppDelegate.h */ = {isa = PBXFileReference; lastKnownFileType = sourcecode.c.h; path = AppDelegate.h; sourceTree = "<group>"; };
		84A2975C196D4029002E6F0D /* AppDelegate.m */ = {isa = PBXFileReference; lastKnownFileType = sourcecode.c.objc; path = AppDelegate.m; sourceTree = "<group>"; };
		84A2975F196D4029002E6F0D /* Base */ = {isa = PBXFileReference; lastKnownFileType = file.storyboard; name = Base; path = Base.lproj/Main.storyboard; sourceTree = "<group>"; };
		84A29761196D4029002E6F0D /* ViewController.h */ = {isa = PBXFileReference; lastKnownFileType = sourcecode.c.h; path = ViewController.h; sourceTree = "<group>"; };
		84A29762196D4029002E6F0D /* ViewController.m */ = {isa = PBXFileReference; lastKnownFileType = sourcecode.c.objc; path = ViewController.m; sourceTree = "<group>"; };
		84A29764196D4029002E6F0D /* Images.xcassets */ = {isa = PBXFileReference; lastKnownFileType = folder.assetcatalog; path = Images.xcassets; sourceTree = "<group>"; };
		84A2976A196D4029002E6F0D /* CoreGraphicsPracticeTests.xctest */ = {isa = PBXFileReference; explicitFileType = wrapper.cfbundle; includeInIndex = 0; path = CoreGraphicsPracticeTests.xctest; sourceTree = BUILT_PRODUCTS_DIR; };
		84A2976B196D4029002E6F0D /* XCTest.framework */ = {isa = PBXFileReference; lastKnownFileType = wrapper.framework; name = XCTest.framework; path = Library/Frameworks/XCTest.framework; sourceTree = DEVELOPER_DIR; };
		84A29773196D402A002E6F0D /* CoreGraphicsPracticeTests-Info.plist */ = {isa = PBXFileReference; lastKnownFileType = text.plist.xml; path = "CoreGraphicsPracticeTests-Info.plist"; sourceTree = "<group>"; };
		84A29775196D402A002E6F0D /* en */ = {isa = PBXFileReference; lastKnownFileType = text.plist.strings; name = en; path = en.lproj/InfoPlist.strings; sourceTree = "<group>"; };
		84A29777196D402A002E6F0D /* CoreGraphicsPracticeTests.m */ = {isa = PBXFileReference; lastKnownFileType = sourcecode.c.objc; path = CoreGraphicsPracticeTests.m; sourceTree = "<group>"; };
		84A29781196D411A002E6F0D /* MyView.h */ = {isa = PBXFileReference; fileEncoding = 4; lastKnownFileType = sourcecode.c.h; path = MyView.h; sourceTree = "<group>"; };
		84A29782196D411A002E6F0D /* MyView.m */ = {isa = PBXFileReference; fileEncoding = 4; lastKnownFileType = sourcecode.c.objc; path = MyView.m; sourceTree = "<group>"; };
/* End PBXFileReference section */

/* Begin PBXFrameworksBuildPhase section */
		84A29746196D4029002E6F0D /* Frameworks */ = {
			isa = PBXFrameworksBuildPhase;
			buildActionMask = 2147483647;
			files = (
				84A2974F196D4029002E6F0D /* CoreGraphics.framework in Frameworks */,
				84A29751196D4029002E6F0D /* UIKit.framework in Frameworks */,
				84A2974D196D4029002E6F0D /* Foundation.framework in Frameworks */,
			);
			runOnlyForDeploymentPostprocessing = 0;
		};
		84A29767196D4029002E6F0D /* Frameworks */ = {
			isa = PBXFrameworksBuildPhase;
			buildActionMask = 2147483647;
			files = (
				84A2976C196D4029002E6F0D /* XCTest.framework in Frameworks */,
				84A2976E196D402A002E6F0D /* UIKit.framework in Frameworks */,
				84A2976D196D402A002E6F0D /* Foundation.framework in Frameworks */,
			);
			runOnlyForDeploymentPostprocessing = 0;
		};
/* End PBXFrameworksBuildPhase section */

/* Begin PBXGroup section */
		84A29740196D4029002E6F0D = {
			isa = PBXGroup;
			children = (
				84A29752196D4029002E6F0D /* CoreGraphicsPractice */,
				84A29771196D402A002E6F0D /* CoreGraphicsPracticeTests */,
				84A2974B196D4029002E6F0D /* Frameworks */,
				84A2974A196D4029002E6F0D /* Products */,
			);
			sourceTree = "<group>";
		};
		84A2974A196D4029002E6F0D /* Products */ = {
			isa = PBXGroup;
			children = (
				84A29749196D4029002E6F0D /* CoreGraphicsPractice.app */,
				84A2976A196D4029002E6F0D /* CoreGraphicsPracticeTests.xctest */,
			);
			name = Products;
			sourceTree = "<group>";
		};
		84A2974B196D4029002E6F0D /* Frameworks */ = {
			isa = PBXGroup;
			children = (
				84A2974C196D4029002E6F0D /* Foundation.framework */,
				84A2974E196D4029002E6F0D /* CoreGraphics.framework */,
				84A29750196D4029002E6F0D /* UIKit.framework */,
				84A2976B196D4029002E6F0D /* XCTest.framework */,
			);
			name = Frameworks;
			sourceTree = "<group>";
		};
		84A29752196D4029002E6F0D /* CoreGraphicsPractice */ = {
			isa = PBXGroup;
			children = (
				84A2975B196D4029002E6F0D /* AppDelegate.h */,
				84A2975C196D4029002E6F0D /* AppDelegate.m */,
				84A2975E196D4029002E6F0D /* Main.storyboard */,
				84A29761196D4029002E6F0D /* ViewController.h */,
				84A29762196D4029002E6F0D /* ViewController.m */,
				84A29781196D411A002E6F0D /* MyView.h */,
				84A29782196D411A002E6F0D /* MyView.m */,
				84A29764196D4029002E6F0D /* Images.xcassets */,
				84A29753196D4029002E6F0D /* Supporting Files */,
			);
			path = CoreGraphicsPractice;
			sourceTree = "<group>";
		};
		84A29753196D4029002E6F0D /* Supporting Files */ = {
			isa = PBXGroup;
			children = (
				84A29754196D4029002E6F0D /* CoreGraphicsPractice-Info.plist */,
				84A29755196D4029002E6F0D /* InfoPlist.strings */,
				84A29758196D4029002E6F0D /* main.m */,
				84A2975A196D4029002E6F0D /* CoreGraphicsPractice-Prefix.pch */,
			);
			name = "Supporting Files";
			sourceTree = "<group>";
		};
		84A29771196D402A002E6F0D /* CoreGraphicsPracticeTests */ = {
			isa = PBXGroup;
			children = (
				84A29777196D402A002E6F0D /* CoreGraphicsPracticeTests.m */,
				84A29772196D402A002E6F0D /* Supporting Files */,
			);
			path = CoreGraphicsPracticeTests;
			sourceTree = "<group>";
		};
		84A29772196D402A002E6F0D /* Supporting Files */ = {
			isa = PBXGroup;
			children = (
				84A29773196D402A002E6F0D /* CoreGraphicsPracticeTests-Info.plist */,
				84A29774196D402A002E6F0D /* InfoPlist.strings */,
			);
			name = "Supporting Files";
			sourceTree = "<group>";
		};
/* End PBXGroup section */

/* Begin PBXNativeTarget section */
		84A29748196D4029002E6F0D /* CoreGraphicsPractice */ = {
			isa = PBXNativeTarget;
			buildConfigurationList = 84A2977B196D402A002E6F0D /* Build configuration list for PBXNativeTarget "CoreGraphicsPractice" */;
			buildPhases = (
				84A29745196D4029002E6F0D /* Sources */,
				84A29746196D4029002E6F0D /* Frameworks */,
				84A29747196D4029002E6F0D /* Resources */,
			);
			buildRules = (
			);
			dependencies = (
			);
			name = CoreGraphicsPractice;
			productName = CoreGraphicsPractice;
			productReference = 84A29749196D4029002E6F0D /* CoreGraphicsPractice.app */;
			productType = "com.apple.product-type.application";
		};
		84A29769196D4029002E6F0D /* CoreGraphicsPracticeTests */ = {
			isa = PBXNativeTarget;
			buildConfigurationList = 84A2977E196D402A002E6F0D /* Build configuration list for PBXNativeTarget "CoreGraphicsPracticeTests" */;
			buildPhases = (
				84A29766196D4029002E6F0D /* Sources */,
				84A29767196D4029002E6F0D /* Frameworks */,
				84A29768196D4029002E6F0D /* Resources */,
			);
			buildRules = (
			);
			dependencies = (
				84A29770196D402A002E6F0D /* PBXTargetDependency */,
			);
			name = CoreGraphicsPracticeTests;
			productName = CoreGraphicsPracticeTests;
			productReference = 84A2976A196D4029002E6F0D /* CoreGraphicsPracticeTests.xctest */;
			productType = "com.apple.product-type.bundle.unit-test";
		};
/* End PBXNativeTarget section */

/* Begin PBXProject section */
		84A29741196D4029002E6F0D /* Project object */ = {
			isa = PBXProject;
			attributes = {
				LastUpgradeCheck = 0510;
				ORGANIZATIONNAME = Vaibhav;
				TargetAttributes = {
					84A29748196D4029002E6F0D = {
						DevelopmentTeam = NNGAJEPAAS;
					};
					84A29769196D4029002E6F0D = {
						TestTargetID = 84A29748196D4029002E6F0D;
					};
				};
			};
			buildConfigurationList = 84A29744196D4029002E6F0D /* Build configuration list for PBXProject "CoreGraphicsPractice" */;
			compatibilityVersion = "Xcode 3.2";
			developmentRegion = English;
			hasScannedForEncodings = 0;
			knownRegions = (
				en,
				Base,
			);
			mainGroup = 84A29740196D4029002E6F0D;
			productRefGroup = 84A2974A196D4029002E6F0D /* Products */;
			projectDirPath = "";
			projectRoot = "";
			targets = (
				84A29748196D4029002E6F0D /* CoreGraphicsPractice */,
				84A29769196D4029002E6F0D /* CoreGraphicsPracticeTests */,
			);
		};
/* End PBXProject section */

/* Begin PBXResourcesBuildPhase section */
		84A29747196D4029002E6F0D /* Resources */ = {
			isa = PBXResourcesBuildPhase;
			buildActionMask = 2147483647;
			files = (
				84A29765196D4029002E6F0D /* Images.xcassets in Resources */,
				84A29757196D4029002E6F0D /* InfoPlist.strings in Resources */,
				84A29760196D4029002E6F0D /* Main.storyboard in Resources */,
			);
			runOnlyForDeploymentPostprocessing = 0;
		};
		84A29768196D4029002E6F0D /* Resources */ = {
			isa = PBXResourcesBuildPhase;
			buildActionMask = 2147483647;
			files = (
				84A29776196D402A002E6F0D /* InfoPlist.strings in Resources */,
			);
			runOnlyForDeploymentPostprocessing = 0;
		};
/* End PBXResourcesBuildPhase section */

/* Begin PBXSourcesBuildPhase section */
		84A29745196D4029002E6F0D /* Sources */ = {
			isa = PBXSourcesBuildPhase;
			buildActionMask = 2147483647;
			files = (
				84A29783196D411A002E6F0D /* MyView.m in Sources */,
				84A29763196D4029002E6F0D /* ViewController.m in Sources */,
				84A2975D196D4029002E6F0D /* AppDelegate.m in Sources */,
				84A29759196D4029002E6F0D /* main.m in Sources */,
			);
			runOnlyForDeploymentPostprocessing = 0;
		};
		84A29766196D4029002E6F0D /* Sources */ = {
			isa = PBXSourcesBuildPhase;
			buildActionMask = 2147483647;
			files = (
				84A29778196D402A002E6F0D /* CoreGraphicsPracticeTests.m in Sources */,
			);
			runOnlyForDeploymentPostprocessing = 0;
		};
/* End PBXSourcesBuildPhase section */

/* Begin PBXTargetDependency section */
		84A29770196D402A002E6F0D /* PBXTargetDependency */ = {
			isa = PBXTargetDependency;
			target = 84A29748196D4029002E6F0D /* CoreGraphicsPractice */;
			targetProxy = 84A2976F196D402A002E6F0D /* PBXContainerItemProxy */;
		};
/* End PBXTargetDependency section */

/* Begin PBXVariantGroup section */
		84A29755196D4029002E6F0D /* InfoPlist.strings */ = {
			isa = PBXVariantGroup;
			children = (
				84A29756196D4029002E6F0D /* en */,
			);
			name = InfoPlist.strings;
			sourceTree = "<group>";
		};
		84A2975E196D4029002E6F0D /* Main.storyboard */ = {
			isa = PBXVariantGroup;
			children = (
				84A2975F196D4029002E6F0D /* Base */,
			);
			name = Main.storyboard;
			sourceTree = "<group>";
		};
		84A29774196D402A002E6F0D /* InfoPlist.strings */ = {
			isa = PBXVariantGroup;
			children = (
				84A29775196D402A002E6F0D /* en */,
			);
			name = InfoPlist.strings;
			sourceTree = "<group>";
		};
/* End PBXVariantGroup section */

/* Begin XCBuildConfiguration section */
		84A29779196D402A002E6F0D /* Debug */ = {
			isa = XCBuildConfiguration;
			buildSettings = {
				ALWAYS_SEARCH_USER_PATHS = NO;
				CLANG_CXX_LANGUAGE_STANDARD = "gnu++0x";
				CLANG_CXX_LIBRARY = "libc++";
				CLANG_ENABLE_MODULES = YES;
				CLANG_ENABLE_OBJC_ARC = YES;
				CLANG_WARN_BOOL_CONVERSION = YES;
				CLANG_WARN_CONSTANT_CONVERSION = YES;
				CLANG_WARN_DIRECT_OBJC_ISA_USAGE = YES_ERROR;
				CLANG_WARN_EMPTY_BODY = YES;
				CLANG_WARN_ENUM_CONVERSION = YES;
				CLANG_WARN_INT_CONVERSION = YES;
				CLANG_WARN_OBJC_ROOT_CLASS = YES_ERROR;
				CLANG_WARN__DUPLICATE_METHOD_MATCH = YES;
				"CODE_SIGN_IDENTITY[sdk=iphoneos*]" = "iPhone Developer";
				COPY_PHASE_STRIP = NO;
				GCC_C_LANGUAGE_STANDARD = gnu99;
				GCC_DYNAMIC_NO_PIC = NO;
				GCC_OPTIMIZATION_LEVEL = 0;
				GCC_PREPROCESSOR_DEFINITIONS = (
					"DEBUG=1",
					"$(inherited)",
				);
				GCC_SYMBOLS_PRIVATE_EXTERN = NO;
				GCC_WARN_64_TO_32_BIT_CONVERSION = YES;
				GCC_WARN_ABOUT_RETURN_TYPE = YES_ERROR;
				GCC_WARN_UNDECLARED_SELECTOR = YES;
				GCC_WARN_UNINITIALIZED_AUTOS = YES_AGGRESSIVE;
				GCC_WARN_UNUSED_FUNCTION = YES;
				GCC_WARN_UNUSED_VARIABLE = YES;
				IPHONEOS_DEPLOYMENT_TARGET = 7.1;
				ONLY_ACTIVE_ARCH = YES;
				SDKROOT = iphoneos;
			};
			name = Debug;
		};
		84A2977A196D402A002E6F0D /* Release */ = {
			isa = XCBuildConfiguration;
			buildSettings = {
				ALWAYS_SEARCH_USER_PATHS = NO;
				CLANG_CXX_LANGUAGE_STANDARD = "gnu++0x";
				CLANG_CXX_LIBRARY = "libc++";
				CLANG_ENABLE_MODULES = YES;
				CLANG_ENABLE_OBJC_ARC = YES;
				CLANG_WARN_BOOL_CONVERSION = YES;
				CLANG_WARN_CONSTANT_CONVERSION = YES;
				CLANG_WARN_DIRECT_OBJC_ISA_USAGE = YES_ERROR;
				CLANG_WARN_EMPTY_BODY = YES;
				CLANG_WARN_ENUM_CONVERSION = YES;
				CLANG_WARN_INT_CONVERSION = YES;
				CLANG_WARN_OBJC_ROOT_CLASS = YES_ERROR;
				CLANG_WARN__DUPLICATE_METHOD_MATCH = YES;
				"CODE_SIGN_IDENTITY[sdk=iphoneos*]" = "iPhone Developer";
				COPY_PHASE_STRIP = YES;
				ENABLE_NS_ASSERTIONS = NO;
				GCC_C_LANGUAGE_STANDARD = gnu99;
				GCC_WARN_64_TO_32_BIT_CONVERSION = YES;
				GCC_WARN_ABOUT_RETURN_TYPE = YES_ERROR;
				GCC_WARN_UNDECLARED_SELECTOR = YES;
				GCC_WARN_UNINITIALIZED_AUTOS = YES_AGGRESSIVE;
				GCC_WARN_UNUSED_FUNCTION = YES;
				GCC_WARN_UNUSED_VARIABLE = YES;
				IPHONEOS_DEPLOYMENT_TARGET = 7.1;
				SDKROOT = iphoneos;
				VALIDATE_PRODUCT = YES;
			};
			name = Release;
		};
		84A2977C196D402A002E6F0D /* Debug */ = {
			isa = XCBuildConfiguration;
			buildSettings = {
				ASSETCATALOG_COMPILER_APPICON_NAME = AppIcon;
				ASSETCATALOG_COMPILER_LAUNCHIMAGE_NAME = LaunchImage;
				CODE_SIGN_IDENTITY = "iPhone Developer";
				"CODE_SIGN_IDENTITY[sdk=iphoneos*]" = "iPhone Developer";
				GCC_PRECOMPILE_PREFIX_HEADER = YES;
				GCC_PREFIX_HEADER = "CoreGraphicsPractice/CoreGraphicsPractice-Prefix.pch";
				INFOPLIST_FILE = "CoreGraphicsPractice/CoreGraphicsPractice-Info.plist";
				PRODUCT_NAME = "$(TARGET_NAME)";
				PROVISIONING_PROFILE = "";
				WRAPPER_EXTENSION = app;
			};
			name = Debug;
		};
		84A2977D196D402A002E6F0D /* Release */ = {
			isa = XCBuildConfiguration;
			buildSettings = {
				ASSETCATALOG_COMPILER_APPICON_NAME = AppIcon;
				ASSETCATALOG_COMPILER_LAUNCHIMAGE_NAME = LaunchImage;
				CODE_SIGN_IDENTITY = "iPhone Developer";
				"CODE_SIGN_IDENTITY[sdk=iphoneos*]" = "iPhone Developer";
				GCC_PRECOMPILE_PREFIX_HEADER = YES;
				GCC_PREFIX_HEADER = "CoreGraphicsPractice/CoreGraphicsPractice-Prefix.pch";
				INFOPLIST_FILE = "CoreGraphicsPractice/CoreGraphicsPractice-Info.plist";
				PRODUCT_NAME = "$(TARGET_NAME)";
				PROVISIONING_PROFILE = "";
				WRAPPER_EXTENSION = app;
			};
			name = Release;
		};
		84A2977F196D402A002E6F0D /* Debug */ = {
			isa = XCBuildConfiguration;
			buildSettings = {
				BUNDLE_LOADER = "$(BUILT_PRODUCTS_DIR)/CoreGraphicsPractice.app/CoreGraphicsPractice";
				FRAMEWORK_SEARCH_PATHS = (
					"$(SDKROOT)/Developer/Library/Frameworks",
					"$(inherited)",
					"$(DEVELOPER_FRAMEWORKS_DIR)",
				);
				GCC_PRECOMPILE_PREFIX_HEADER = YES;
				GCC_PREFIX_HEADER = "CoreGraphicsPractice/CoreGraphicsPractice-Prefix.pch";
				GCC_PREPROCESSOR_DEFINITIONS = (
					"DEBUG=1",
					"$(inherited)",
				);
				INFOPLIST_FILE = "CoreGraphicsPracticeTests/CoreGraphicsPracticeTests-Info.plist";
				PRODUCT_NAME = "$(TARGET_NAME)";
				TEST_HOST = "$(BUNDLE_LOADER)";
				WRAPPER_EXTENSION = xctest;
			};
			name = Debug;
		};
		84A29780196D402A002E6F0D /* Release */ = {
			isa = XCBuildConfiguration;
			buildSettings = {
				BUNDLE_LOADER = "$(BUILT_PRODUCTS_DIR)/CoreGraphicsPractice.app/CoreGraphicsPractice";
				FRAMEWORK_SEARCH_PATHS = (
					"$(SDKROOT)/Developer/Library/Frameworks",
					"$(inherited)",
					"$(DEVELOPER_FRAMEWORKS_DIR)",
				);
				GCC_PRECOMPILE_PREFIX_HEADER = YES;
				GCC_PREFIX_HEADER = "CoreGraphicsPractice/CoreGraphicsPractice-Prefix.pch";
				INFOPLIST_FILE = "CoreGraphicsPracticeTests/CoreGraphicsPracticeTests-Info.plist";
				PRODUCT_NAME = "$(TARGET_NAME)";
				TEST_HOST = "$(BUNDLE_LOADER)";
				WRAPPER_EXTENSION = xctest;
			};
			name = Release;
		};
/* End XCBuildConfiguration section */

/* Begin XCConfigurationList section */
		84A29744196D4029002E6F0D /* Build configuration list for PBXProject "CoreGraphicsPractice" */ = {
			isa = XCConfigurationList;
			buildConfigurations = (
				84A29779196D402A002E6F0D /* Debug */,
				84A2977A196D402A002E6F0D /* Release */,
			);
			defaultConfigurationIsVisible = 0;
			defaultConfigurationName = Release;
		};
		84A2977B196D402A002E6F0D /* Build configuration list for PBXNativeTarget "CoreGraphicsPractice" */ = {
			isa = XCConfigurationList;
			buildConfigurations = (
				84A2977C196D402A002E6F0D /* Debug */,
				84A2977D196D402A002E6F0D /* Release */,
			);
			defaultConfigurationIsVisible = 0;
			defaultConfigurationName = Release;
		};
		84A2977E196D402A002E6F0D /* Build configuration list for PBXNativeTarget "CoreGraphicsPracticeTests" */ = {
			isa = XCConfigurationList;
			buildConfigurations = (
				84A2977F196D402A002E6F0D /* Debug */,
				84A29780196D402A002E6F0D /* Release */,
			);
			defaultConfigurationIsVisible = 0;
			defaultConfigurationName = Release;
		};
/* End XCConfigurationList section */
	};
	rootObject = 84A29741196D4029002E6F0D /* Project object */;
}
