// !$*UTF8*$!
{
	archiveVersion = 1;
	classes = {
	};
	objectVersion = 46;
	objects = {

/* Begin PBXBuildFile section */
		849E7BC819690BC00083FF34 /* Foundation.framework in Frameworks */ = {isa = PBXBuildFile; fileRef = 849E7BC719690BC00083FF34 /* Foundation.framework */; };
		849E7BCA19690BC00083FF34 /* CoreGraphics.framework in Frameworks */ = {isa = PBXBuildFile; fileRef = 849E7BC919690BC00083FF34 /* CoreGraphics.framework */; };
		849E7BCC19690BC00083FF34 /* UIKit.framework in Frameworks */ = {isa = PBXBuildFile; fileRef = 849E7BCB19690BC00083FF34 /* UIKit.framework */; };
		849E7BD219690BC00083FF34 /* InfoPlist.strings in Resources */ = {isa = PBXBuildFile; fileRef = 849E7BD019690BC00083FF34 /* InfoPlist.strings */; };
		849E7BD419690BC00083FF34 /* main.m in Sources */ = {isa = PBXBuildFile; fileRef = 849E7BD319690BC00083FF34 /* main.m */; };
		849E7BD819690BC00083FF34 /* AppDelegate.m in Sources */ = {isa = PBXBuildFile; fileRef = 849E7BD719690BC00083FF34 /* AppDelegate.m */; };
		849E7BDB19690BC00083FF34 /* Main.storyboard in Resources */ = {isa = PBXBuildFile; fileRef = 849E7BD919690BC00083FF34 /* Main.storyboard */; };
		849E7BDE19690BC00083FF34 /* ViewController.m in Sources */ = {isa = PBXBuildFile; fileRef = 849E7BDD19690BC00083FF34 /* ViewController.m */; };
		849E7BE019690BC00083FF34 /* Images.xcassets in Resources */ = {isa = PBXBuildFile; fileRef = 849E7BDF19690BC00083FF34 /* Images.xcassets */; };
		849E7BE719690BC10083FF34 /* XCTest.framework in Frameworks */ = {isa = PBXBuildFile; fileRef = 849E7BE619690BC10083FF34 /* XCTest.framework */; };
		849E7BE819690BC10083FF34 /* Foundation.framework in Frameworks */ = {isa = PBXBuildFile; fileRef = 849E7BC719690BC00083FF34 /* Foundation.framework */; };
		849E7BE919690BC10083FF34 /* UIKit.framework in Frameworks */ = {isa = PBXBuildFile; fileRef = 849E7BCB19690BC00083FF34 /* UIKit.framework */; };
		849E7BF119690BC10083FF34 /* InfoPlist.strings in Resources */ = {isa = PBXBuildFile; fileRef = 849E7BEF19690BC10083FF34 /* InfoPlist.strings */; };
		849E7BF319690BC10083FF34 /* ModalSegueDemoTests.m in Sources */ = {isa = PBXBuildFile; fileRef = 849E7BF219690BC10083FF34 /* ModalSegueDemoTests.m */; };
		849E7BFE19690CB20083FF34 /* ViewController2.m in Sources */ = {isa = PBXBuildFile; fileRef = 849E7BFD19690CB20083FF34 /* ViewController2.m */; };
/* End PBXBuildFile section */

/* Begin PBXContainerItemProxy section */
		849E7BEA19690BC10083FF34 /* PBXContainerItemProxy */ = {
			isa = PBXContainerItemProxy;
			containerPortal = 849E7BBC19690BC00083FF34 /* Project object */;
			proxyType = 1;
			remoteGlobalIDString = 849E7BC319690BC00083FF34;
			remoteInfo = ModalSegueDemo;
		};
/* End PBXContainerItemProxy section */

/* Begin PBXFileReference section */
		849E7BC419690BC00083FF34 /* ModalSegueDemo.app */ = {isa = PBXFileReference; explicitFileType = wrapper.application; includeInIndex = 0; path = ModalSegueDemo.app; sourceTree = BUILT_PRODUCTS_DIR; };
		849E7BC719690BC00083FF34 /* Foundation.framework */ = {isa = PBXFileReference; lastKnownFileType = wrapper.framework; name = Foundation.framework; path = System/Library/Frameworks/Foundation.framework; sourceTree = SDKROOT; };
		849E7BC919690BC00083FF34 /* CoreGraphics.framework */ = {isa = PBXFileReference; lastKnownFileType = wrapper.framework; name = CoreGraphics.framework; path = System/Library/Frameworks/CoreGraphics.framework; sourceTree = SDKROOT; };
		849E7BCB19690BC00083FF34 /* UIKit.framework */ = {isa = PBXFileReference; lastKnownFileType = wrapper.framework; name = UIKit.framework; path = System/Library/Frameworks/UIKit.framework; sourceTree = SDKROOT; };
		849E7BCF19690BC00083FF34 /* ModalSegueDemo-Info.plist */ = {isa = PBXFileReference; lastKnownFileType = text.plist.xml; path = "ModalSegueDemo-Info.plist"; sourceTree = "<group>"; };
		849E7BD119690BC00083FF34 /* en */ = {isa = PBXFileReference; lastKnownFileType = text.plist.strings; name = en; path = en.lproj/InfoPlist.strings; sourceTree = "<group>"; };
		849E7BD319690BC00083FF34 /* main.m */ = {isa = PBXFileReference; lastKnownFileType = sourcecode.c.objc; path = main.m; sourceTree = "<group>"; };
		849E7BD519690BC00083FF34 /* ModalSegueDemo-Prefix.pch */ = {isa = PBXFileReference; lastKnownFileType = sourcecode.c.h; path = "ModalSegueDemo-Prefix.pch"; sourceTree = "<group>"; };
		849E7BD619690BC00083FF34 /* AppDelegate.h */ = {isa = PBXFileReference; lastKnownFileType = sourcecode.c.h; path = AppDelegate.h; sourceTree = "<group>"; };
		849E7BD719690BC00083FF34 /* AppDelegate.m */ = {isa = PBXFileReference; lastKnownFileType = sourcecode.c.objc; path = AppDelegate.m; sourceTree = "<group>"; };
		849E7BDA19690BC00083FF34 /* Base */ = {isa = PBXFileReference; lastKnownFileType = file.storyboard; name = Base; path = Base.lproj/Main.storyboard; sourceTree = "<group>"; };
		849E7BDC19690BC00083FF34 /* ViewController.h */ = {isa = PBXFileReference; lastKnownFileType = sourcecode.c.h; path = ViewController.h; sourceTree = "<group>"; };
		849E7BDD19690BC00083FF34 /* ViewController.m */ = {isa = PBXFileReference; lastKnownFileType = sourcecode.c.objc; path = ViewController.m; sourceTree = "<group>"; };
		849E7BDF19690BC00083FF34 /* Images.xcassets */ = {isa = PBXFileReference; lastKnownFileType = folder.assetcatalog; path = Images.xcassets; sourceTree = "<group>"; };
		849E7BE519690BC10083FF34 /* ModalSegueDemoTests.xctest */ = {isa = PBXFileReference; explicitFileType = wrapper.cfbundle; includeInIndex = 0; path = ModalSegueDemoTests.xctest; sourceTree = BUILT_PRODUCTS_DIR; };
		849E7BE619690BC10083FF34 /* XCTest.framework */ = {isa = PBXFileReference; lastKnownFileType = wrapper.framework; name = XCTest.framework; path = Library/Frameworks/XCTest.framework; sourceTree = DEVELOPER_DIR; };
		849E7BEE19690BC10083FF34 /* ModalSegueDemoTests-Info.plist */ = {isa = PBXFileReference; lastKnownFileType = text.plist.xml; path = "ModalSegueDemoTests-Info.plist"; sourceTree = "<group>"; };
		849E7BF019690BC10083FF34 /* en */ = {isa = PBXFileReference; lastKnownFileType = text.plist.strings; name = en; path = en.lproj/InfoPlist.strings; sourceTree = "<group>"; };
		849E7BF219690BC10083FF34 /* ModalSegueDemoTests.m */ = {isa = PBXFileReference; lastKnownFileType = sourcecode.c.objc; path = ModalSegueDemoTests.m; sourceTree = "<group>"; };
		849E7BFC19690CB20083FF34 /* ViewController2.h */ = {isa = PBXFileReference; fileEncoding = 4; lastKnownFileType = sourcecode.c.h; path = ViewController2.h; sourceTree = "<group>"; };
		849E7BFD19690CB20083FF34 /* ViewController2.m */ = {isa = PBXFileReference; fileEncoding = 4; lastKnownFileType = sourcecode.c.objc; path = ViewController2.m; sourceTree = "<group>"; };
/* End PBXFileReference section */

/* Begin PBXFrameworksBuildPhase section */
		849E7BC119690BC00083FF34 /* Frameworks */ = {
			isa = PBXFrameworksBuildPhase;
			buildActionMask = 2147483647;
			files = (
				849E7BCA19690BC00083FF34 /* CoreGraphics.framework in Frameworks */,
				849E7BCC19690BC00083FF34 /* UIKit.framework in Frameworks */,
				849E7BC819690BC00083FF34 /* Foundation.framework in Frameworks */,
			);
			runOnlyForDeploymentPostprocessing = 0;
		};
		849E7BE219690BC10083FF34 /* Frameworks */ = {
			isa = PBXFrameworksBuildPhase;
			buildActionMask = 2147483647;
			files = (
				849E7BE719690BC10083FF34 /* XCTest.framework in Frameworks */,
				849E7BE919690BC10083FF34 /* UIKit.framework in Frameworks */,
				849E7BE819690BC10083FF34 /* Foundation.framework in Frameworks */,
			);
			runOnlyForDeploymentPostprocessing = 0;
		};
/* End PBXFrameworksBuildPhase section */

/* Begin PBXGroup section */
		849E7BBB19690BC00083FF34 = {
			isa = PBXGroup;
			children = (
				849E7BCD19690BC00083FF34 /* ModalSegueDemo */,
				849E7BEC19690BC10083FF34 /* ModalSegueDemoTests */,
				849E7BC619690BC00083FF34 /* Frameworks */,
				849E7BC519690BC00083FF34 /* Products */,
			);
			sourceTree = "<group>";
		};
		849E7BC519690BC00083FF34 /* Products */ = {
			isa = PBXGroup;
			children = (
				849E7BC419690BC00083FF34 /* ModalSegueDemo.app */,
				849E7BE519690BC10083FF34 /* ModalSegueDemoTests.xctest */,
			);
			name = Products;
			sourceTree = "<group>";
		};
		849E7BC619690BC00083FF34 /* Frameworks */ = {
			isa = PBXGroup;
			children = (
				849E7BC719690BC00083FF34 /* Foundation.framework */,
				849E7BC919690BC00083FF34 /* CoreGraphics.framework */,
				849E7BCB19690BC00083FF34 /* UIKit.framework */,
				849E7BE619690BC10083FF34 /* XCTest.framework */,
			);
			name = Frameworks;
			sourceTree = "<group>";
		};
		849E7BCD19690BC00083FF34 /* ModalSegueDemo */ = {
			isa = PBXGroup;
			children = (
				849E7BD619690BC00083FF34 /* AppDelegate.h */,
				849E7BD719690BC00083FF34 /* AppDelegate.m */,
				849E7BD919690BC00083FF34 /* Main.storyboard */,
				849E7BDC19690BC00083FF34 /* ViewController.h */,
				849E7BDD19690BC00083FF34 /* ViewController.m */,
				849E7BFC19690CB20083FF34 /* ViewController2.h */,
				849E7BFD19690CB20083FF34 /* ViewController2.m */,
				849E7BDF19690BC00083FF34 /* Images.xcassets */,
				849E7BCE19690BC00083FF34 /* Supporting Files */,
			);
			path = ModalSegueDemo;
			sourceTree = "<group>";
		};
		849E7BCE19690BC00083FF34 /* Supporting Files */ = {
			isa = PBXGroup;
			children = (
				849E7BCF19690BC00083FF34 /* ModalSegueDemo-Info.plist */,
				849E7BD019690BC00083FF34 /* InfoPlist.strings */,
				849E7BD319690BC00083FF34 /* main.m */,
				849E7BD519690BC00083FF34 /* ModalSegueDemo-Prefix.pch */,
			);
			name = "Supporting Files";
			sourceTree = "<group>";
		};
		849E7BEC19690BC10083FF34 /* ModalSegueDemoTests */ = {
			isa = PBXGroup;
			children = (
				849E7BF219690BC10083FF34 /* ModalSegueDemoTests.m */,
				849E7BED19690BC10083FF34 /* Supporting Files */,
			);
			path = ModalSegueDemoTests;
			sourceTree = "<group>";
		};
		849E7BED19690BC10083FF34 /* Supporting Files */ = {
			isa = PBXGroup;
			children = (
				849E7BEE19690BC10083FF34 /* ModalSegueDemoTests-Info.plist */,
				849E7BEF19690BC10083FF34 /* InfoPlist.strings */,
			);
			name = "Supporting Files";
			sourceTree = "<group>";
		};
/* End PBXGroup section */

/* Begin PBXNativeTarget section */
		849E7BC319690BC00083FF34 /* ModalSegueDemo */ = {
			isa = PBXNativeTarget;
			buildConfigurationList = 849E7BF619690BC10083FF34 /* Build configuration list for PBXNativeTarget "ModalSegueDemo" */;
			buildPhases = (
				849E7BC019690BC00083FF34 /* Sources */,
				849E7BC119690BC00083FF34 /* Frameworks */,
				849E7BC219690BC00083FF34 /* Resources */,
			);
			buildRules = (
			);
			dependencies = (
			);
			name = ModalSegueDemo;
			productName = ModalSegueDemo;
			productReference = 849E7BC419690BC00083FF34 /* ModalSegueDemo.app */;
			productType = "com.apple.product-type.application";
		};
		849E7BE419690BC10083FF34 /* ModalSegueDemoTests */ = {
			isa = PBXNativeTarget;
			buildConfigurationList = 849E7BF919690BC10083FF34 /* Build configuration list for PBXNativeTarget "ModalSegueDemoTests" */;
			buildPhases = (
				849E7BE119690BC10083FF34 /* Sources */,
				849E7BE219690BC10083FF34 /* Frameworks */,
				849E7BE319690BC10083FF34 /* Resources */,
			);
			buildRules = (
			);
			dependencies = (
				849E7BEB19690BC10083FF34 /* PBXTargetDependency */,
			);
			name = ModalSegueDemoTests;
			productName = ModalSegueDemoTests;
			productReference = 849E7BE519690BC10083FF34 /* ModalSegueDemoTests.xctest */;
			productType = "com.apple.product-type.bundle.unit-test";
		};
/* End PBXNativeTarget section */

/* Begin PBXProject section */
		849E7BBC19690BC00083FF34 /* Project object */ = {
			isa = PBXProject;
			attributes = {
				LastUpgradeCheck = 0510;
				ORGANIZATIONNAME = Vaibhav;
				TargetAttributes = {
					849E7BC319690BC00083FF34 = {
						DevelopmentTeam = NNGAJEPAAS;
					};
					849E7BE419690BC10083FF34 = {
						TestTargetID = 849E7BC319690BC00083FF34;
					};
				};
			};
			buildConfigurationList = 849E7BBF19690BC00083FF34 /* Build configuration list for PBXProject "ModalSegueDemo" */;
			compatibilityVersion = "Xcode 3.2";
			developmentRegion = English;
			hasScannedForEncodings = 0;
			knownRegions = (
				en,
				Base,
			);
			mainGroup = 849E7BBB19690BC00083FF34;
			productRefGroup = 849E7BC519690BC00083FF34 /* Products */;
			projectDirPath = "";
			projectRoot = "";
			targets = (
				849E7BC319690BC00083FF34 /* ModalSegueDemo */,
				849E7BE419690BC10083FF34 /* ModalSegueDemoTests */,
			);
		};
/* End PBXProject section */

/* Begin PBXResourcesBuildPhase section */
		849E7BC219690BC00083FF34 /* Resources */ = {
			isa = PBXResourcesBuildPhase;
			buildActionMask = 2147483647;
			files = (
				849E7BE019690BC00083FF34 /* Images.xcassets in Resources */,
				849E7BD219690BC00083FF34 /* InfoPlist.strings in Resources */,
				849E7BDB19690BC00083FF34 /* Main.storyboard in Resources */,
			);
			runOnlyForDeploymentPostprocessing = 0;
		};
		849E7BE319690BC10083FF34 /* Resources */ = {
			isa = PBXResourcesBuildPhase;
			buildActionMask = 2147483647;
			files = (
				849E7BF119690BC10083FF34 /* InfoPlist.strings in Resources */,
			);
			runOnlyForDeploymentPostprocessing = 0;
		};
/* End PBXResourcesBuildPhase section */

/* Begin PBXSourcesBuildPhase section */
		849E7BC019690BC00083FF34 /* Sources */ = {
			isa = PBXSourcesBuildPhase;
			buildActionMask = 2147483647;
			files = (
				849E7BDE19690BC00083FF34 /* ViewController.m in Sources */,
				849E7BFE19690CB20083FF34 /* ViewController2.m in Sources */,
				849E7BD819690BC00083FF34 /* AppDelegate.m in Sources */,
				849E7BD419690BC00083FF34 /* main.m in Sources */,
			);
			runOnlyForDeploymentPostprocessing = 0;
		};
		849E7BE119690BC10083FF34 /* Sources */ = {
			isa = PBXSourcesBuildPhase;
			buildActionMask = 2147483647;
			files = (
				849E7BF319690BC10083FF34 /* ModalSegueDemoTests.m in Sources */,
			);
			runOnlyForDeploymentPostprocessing = 0;
		};
/* End PBXSourcesBuildPhase section */

/* Begin PBXTargetDependency section */
		849E7BEB19690BC10083FF34 /* PBXTargetDependency */ = {
			isa = PBXTargetDependency;
			target = 849E7BC319690BC00083FF34 /* ModalSegueDemo */;
			targetProxy = 849E7BEA19690BC10083FF34 /* PBXContainerItemProxy */;
		};
/* End PBXTargetDependency section */

/* Begin PBXVariantGroup section */
		849E7BD019690BC00083FF34 /* InfoPlist.strings */ = {
			isa = PBXVariantGroup;
			children = (
				849E7BD119690BC00083FF34 /* en */,
			);
			name = InfoPlist.strings;
			sourceTree = "<group>";
		};
		849E7BD919690BC00083FF34 /* Main.storyboard */ = {
			isa = PBXVariantGroup;
			children = (
				849E7BDA19690BC00083FF34 /* Base */,
			);
			name = Main.storyboard;
			sourceTree = "<group>";
		};
		849E7BEF19690BC10083FF34 /* InfoPlist.strings */ = {
			isa = PBXVariantGroup;
			children = (
				849E7BF019690BC10083FF34 /* en */,
			);
			name = InfoPlist.strings;
			sourceTree = "<group>";
		};
/* End PBXVariantGroup section */

/* Begin XCBuildConfiguration section */
		849E7BF419690BC10083FF34 /* Debug */ = {
			isa = XCBuildConfiguration;
			buildSettings = {
				ALWAYS_SEARCH_USER_PATHS = NO;
				CLANG_CXX_LANGUAGE_STANDARD = "gnu++0x";
				CLANG_CXX_LIBRARY = "libc++";
				CLANG_ENABLE_MODULES = YES;
				CLANG_ENABLE_OBJC_ARC = YES;
				CLANG_WARN_BOOL_CONVERSION = YES;
				CLANG_WARN_CONSTANT_CONVERSION = YES;
				CLANG_WARN_DIRECT_OBJC_ISA_USAGE = YES_ERROR;
				CLANG_WARN_EMPTY_BODY = YES;
				CLANG_WARN_ENUM_CONVERSION = YES;
				CLANG_WARN_INT_CONVERSION = YES;
				CLANG_WARN_OBJC_ROOT_CLASS = YES_ERROR;
				CLANG_WARN__DUPLICATE_METHOD_MATCH = YES;
				"CODE_SIGN_IDENTITY[sdk=iphoneos*]" = "iPhone Developer";
				COPY_PHASE_STRIP = NO;
				GCC_C_LANGUAGE_STANDARD = gnu99;
				GCC_DYNAMIC_NO_PIC = NO;
				GCC_OPTIMIZATION_LEVEL = 0;
				GCC_PREPROCESSOR_DEFINITIONS = (
					"DEBUG=1",
					"$(inherited)",
				);
				GCC_SYMBOLS_PRIVATE_EXTERN = NO;
				GCC_WARN_64_TO_32_BIT_CONVERSION = YES;
				GCC_WARN_ABOUT_RETURN_TYPE = YES_ERROR;
				GCC_WARN_UNDECLARED_SELECTOR = YES;
				GCC_WARN_UNINITIALIZED_AUTOS = YES_AGGRESSIVE;
				GCC_WARN_UNUSED_FUNCTION = YES;
				GCC_WARN_UNUSED_VARIABLE = YES;
				IPHONEOS_DEPLOYMENT_TARGET = 7.1;
				ONLY_ACTIVE_ARCH = YES;
				SDKROOT = iphoneos;
			};
			name = Debug;
		};
		849E7BF519690BC10083FF34 /* Release */ = {
			isa = XCBuildConfiguration;
			buildSettings = {
				ALWAYS_SEARCH_USER_PATHS = NO;
				CLANG_CXX_LANGUAGE_STANDARD = "gnu++0x";
				CLANG_CXX_LIBRARY = "libc++";
				CLANG_ENABLE_MODULES = YES;
				CLANG_ENABLE_OBJC_ARC = YES;
				CLANG_WARN_BOOL_CONVERSION = YES;
				CLANG_WARN_CONSTANT_CONVERSION = YES;
				CLANG_WARN_DIRECT_OBJC_ISA_USAGE = YES_ERROR;
				CLANG_WARN_EMPTY_BODY = YES;
				CLANG_WARN_ENUM_CONVERSION = YES;
				CLANG_WARN_INT_CONVERSION = YES;
				CLANG_WARN_OBJC_ROOT_CLASS = YES_ERROR;
				CLANG_WARN__DUPLICATE_METHOD_MATCH = YES;
				"CODE_SIGN_IDENTITY[sdk=iphoneos*]" = "iPhone Developer";
				COPY_PHASE_STRIP = YES;
				ENABLE_NS_ASSERTIONS = NO;
				GCC_C_LANGUAGE_STANDARD = gnu99;
				GCC_WARN_64_TO_32_BIT_CONVERSION = YES;
				GCC_WARN_ABOUT_RETURN_TYPE = YES_ERROR;
				GCC_WARN_UNDECLARED_SELECTOR = YES;
				GCC_WARN_UNINITIALIZED_AUTOS = YES_AGGRESSIVE;
				GCC_WARN_UNUSED_FUNCTION = YES;
				GCC_WARN_UNUSED_VARIABLE = YES;
				IPHONEOS_DEPLOYMENT_TARGET = 7.1;
				SDKROOT = iphoneos;
				VALIDATE_PRODUCT = YES;
			};
			name = Release;
		};
		849E7BF719690BC10083FF34 /* Debug */ = {
			isa = XCBuildConfiguration;
			buildSettings = {
				ASSETCATALOG_COMPILER_APPICON_NAME = AppIcon;
				ASSETCATALOG_COMPILER_LAUNCHIMAGE_NAME = LaunchImage;
				CODE_SIGN_IDENTITY = "iPhone Developer";
				"CODE_SIGN_IDENTITY[sdk=iphoneos*]" = "iPhone Developer";
				GCC_PRECOMPILE_PREFIX_HEADER = YES;
				GCC_PREFIX_HEADER = "ModalSegueDemo/ModalSegueDemo-Prefix.pch";
				INFOPLIST_FILE = "ModalSegueDemo/ModalSegueDemo-Info.plist";
				PRODUCT_NAME = "$(TARGET_NAME)";
				PROVISIONING_PROFILE = "";
				WRAPPER_EXTENSION = app;
			};
			name = Debug;
		};
		849E7BF819690BC10083FF34 /* Release */ = {
			isa = XCBuildConfiguration;
			buildSettings = {
				ASSETCATALOG_COMPILER_APPICON_NAME = AppIcon;
				ASSETCATALOG_COMPILER_LAUNCHIMAGE_NAME = LaunchImage;
				CODE_SIGN_IDENTITY = "iPhone Developer";
				"CODE_SIGN_IDENTITY[sdk=iphoneos*]" = "iPhone Developer";
				GCC_PRECOMPILE_PREFIX_HEADER = YES;
				GCC_PREFIX_HEADER = "ModalSegueDemo/ModalSegueDemo-Prefix.pch";
				INFOPLIST_FILE = "ModalSegueDemo/ModalSegueDemo-Info.plist";
				PRODUCT_NAME = "$(TARGET_NAME)";
				PROVISIONING_PROFILE = "";
				WRAPPER_EXTENSION = app;
			};
			name = Release;
		};
		849E7BFA19690BC10083FF34 /* Debug */ = {
			isa = XCBuildConfiguration;
			buildSettings = {
				BUNDLE_LOADER = "$(BUILT_PRODUCTS_DIR)/ModalSegueDemo.app/ModalSegueDemo";
				FRAMEWORK_SEARCH_PATHS = (
					"$(SDKROOT)/Developer/Library/Frameworks",
					"$(inherited)",
					"$(DEVELOPER_FRAMEWORKS_DIR)",
				);
				GCC_PRECOMPILE_PREFIX_HEADER = YES;
				GCC_PREFIX_HEADER = "ModalSegueDemo/ModalSegueDemo-Prefix.pch";
				GCC_PREPROCESSOR_DEFINITIONS = (
					"DEBUG=1",
					"$(inherited)",
				);
				INFOPLIST_FILE = "ModalSegueDemoTests/ModalSegueDemoTests-Info.plist";
				PRODUCT_NAME = "$(TARGET_NAME)";
				TEST_HOST = "$(BUNDLE_LOADER)";
				WRAPPER_EXTENSION = xctest;
			};
			name = Debug;
		};
		849E7BFB19690BC10083FF34 /* Release */ = {
			isa = XCBuildConfiguration;
			buildSettings = {
				BUNDLE_LOADER = "$(BUILT_PRODUCTS_DIR)/ModalSegueDemo.app/ModalSegueDemo";
				FRAMEWORK_SEARCH_PATHS = (
					"$(SDKROOT)/Developer/Library/Frameworks",
					"$(inherited)",
					"$(DEVELOPER_FRAMEWORKS_DIR)",
				);
				GCC_PRECOMPILE_PREFIX_HEADER = YES;
				GCC_PREFIX_HEADER = "ModalSegueDemo/ModalSegueDemo-Prefix.pch";
				INFOPLIST_FILE = "ModalSegueDemoTests/ModalSegueDemoTests-Info.plist";
				PRODUCT_NAME = "$(TARGET_NAME)";
				TEST_HOST = "$(BUNDLE_LOADER)";
				WRAPPER_EXTENSION = xctest;
			};
			name = Release;
		};
/* End XCBuildConfiguration section */

/* Begin XCConfigurationList section */
		849E7BBF19690BC00083FF34 /* Build configuration list for PBXProject "ModalSegueDemo" */ = {
			isa = XCConfigurationList;
			buildConfigurations = (
				849E7BF419690BC10083FF34 /* Debug */,
				849E7BF519690BC10083FF34 /* Release */,
			);
			defaultConfigurationIsVisible = 0;
			defaultConfigurationName = Release;
		};
		849E7BF619690BC10083FF34 /* Build configuration list for PBXNativeTarget "ModalSegueDemo" */ = {
			isa = XCConfigurationList;
			buildConfigurations = (
				849E7BF719690BC10083FF34 /* Debug */,
				849E7BF819690BC10083FF34 /* Release */,
			);
			defaultConfigurationIsVisible = 0;
			defaultConfigurationName = Release;
		};
		849E7BF919690BC10083FF34 /* Build configuration list for PBXNativeTarget "ModalSegueDemoTests" */ = {
			isa = XCConfigurationList;
			buildConfigurations = (
				849E7BFA19690BC10083FF34 /* Debug */,
				849E7BFB19690BC10083FF34 /* Release */,
			);
			defaultConfigurationIsVisible = 0;
			defaultConfigurationName = Release;
		};
/* End XCConfigurationList section */
	};
	rootObject = 849E7BBC19690BC00083FF34 /* Project object */;
}
