// !$*UTF8*$!
{
	archiveVersion = 1;
	classes = {
	};
	objectVersion = 46;
	objects = {

/* Begin PBXBuildFile section */
		EF8E47371C0A9D9F00F55647 /* main.m in Sources */ = {isa = PBXBuildFile; fileRef = EF8E47361C0A9D9F00F55647 /* main.m */; };
		EF8E473A1C0A9D9F00F55647 /* AppDelegate.m in Sources */ = {isa = PBXBuildFile; fileRef = EF8E47391C0A9D9F00F55647 /* AppDelegate.m */; };
		EF8E473D1C0A9D9F00F55647 /* ViewController.m in Sources */ = {isa = PBXBuildFile; fileRef = EF8E473C1C0A9D9F00F55647 /* ViewController.m */; };
		EF8E47401C0A9D9F00F55647 /* Main.storyboard in Resources */ = {isa = PBXBuildFile; fileRef = EF8E473E1C0A9D9F00F55647 /* Main.storyboard */; };
		EF8E47431C0A9D9F00F55647 /* assignment10.xcdatamodeld in Sources */ = {isa = PBXBuildFile; fileRef = EF8E47411C0A9D9F00F55647 /* assignment10.xcdatamodeld */; };
		EF8E47451C0A9D9F00F55647 /* Assets.xcassets in Resources */ = {isa = PBXBuildFile; fileRef = EF8E47441C0A9D9F00F55647 /* Assets.xcassets */; };
		EF8E47481C0A9D9F00F55647 /* LaunchScreen.storyboard in Resources */ = {isa = PBXBuildFile; fileRef = EF8E47461C0A9D9F00F55647 /* LaunchScreen.storyboard */; };
		EF8E47531C0A9D9F00F55647 /* assignment10Tests.m in Sources */ = {isa = PBXBuildFile; fileRef = EF8E47521C0A9D9F00F55647 /* assignment10Tests.m */; };
		EF8E475E1C0A9D9F00F55647 /* assignment10UITests.m in Sources */ = {isa = PBXBuildFile; fileRef = EF8E475D1C0A9D9F00F55647 /* assignment10UITests.m */; };
		EF8E476D1C0CD39A00F55647 /* closed.png in Resources */ = {isa = PBXBuildFile; fileRef = EF8E476B1C0CD39A00F55647 /* closed.png */; };
		EF8E476E1C0CD39A00F55647 /* open.png in Resources */ = {isa = PBXBuildFile; fileRef = EF8E476C1C0CD39A00F55647 /* open.png */; };
		EF8E47711C0CDAE500F55647 /* Issue.m in Sources */ = {isa = PBXBuildFile; fileRef = EF8E47701C0CDAE500F55647 /* Issue.m */; };
		EF8E47741C0CE4A300F55647 /* IssueDetailViewController.m in Sources */ = {isa = PBXBuildFile; fileRef = EF8E47731C0CE4A300F55647 /* IssueDetailViewController.m */; };
/* End PBXBuildFile section */

/* Begin PBXContainerItemProxy section */
		EF8E474F1C0A9D9F00F55647 /* PBXContainerItemProxy */ = {
			isa = PBXContainerItemProxy;
			containerPortal = EF8E472A1C0A9D9E00F55647 /* Project object */;
			proxyType = 1;
			remoteGlobalIDString = EF8E47311C0A9D9E00F55647;
			remoteInfo = assignment10;
		};
		EF8E475A1C0A9D9F00F55647 /* PBXContainerItemProxy */ = {
			isa = PBXContainerItemProxy;
			containerPortal = EF8E472A1C0A9D9E00F55647 /* Project object */;
			proxyType = 1;
			remoteGlobalIDString = EF8E47311C0A9D9E00F55647;
			remoteInfo = assignment10;
		};
/* End PBXContainerItemProxy section */

/* Begin PBXFileReference section */
		EF8E47321C0A9D9E00F55647 /* assignment10.app */ = {isa = PBXFileReference; explicitFileType = wrapper.application; includeInIndex = 0; path = assignment10.app; sourceTree = BUILT_PRODUCTS_DIR; };
		EF8E47361C0A9D9F00F55647 /* main.m */ = {isa = PBXFileReference; lastKnownFileType = sourcecode.c.objc; path = main.m; sourceTree = "<group>"; };
		EF8E47381C0A9D9F00F55647 /* AppDelegate.h */ = {isa = PBXFileReference; lastKnownFileType = sourcecode.c.h; path = AppDelegate.h; sourceTree = "<group>"; };
		EF8E47391C0A9D9F00F55647 /* AppDelegate.m */ = {isa = PBXFileReference; lastKnownFileType = sourcecode.c.objc; path = AppDelegate.m; sourceTree = "<group>"; };
		EF8E473B1C0A9D9F00F55647 /* ViewController.h */ = {isa = PBXFileReference; lastKnownFileType = sourcecode.c.h; path = ViewController.h; sourceTree = "<group>"; };
		EF8E473C1C0A9D9F00F55647 /* ViewController.m */ = {isa = PBXFileReference; lastKnownFileType = sourcecode.c.objc; path = ViewController.m; sourceTree = "<group>"; };
		EF8E473F1C0A9D9F00F55647 /* Base */ = {isa = PBXFileReference; lastKnownFileType = file.storyboard; name = Base; path = Base.lproj/Main.storyboard; sourceTree = "<group>"; };
		EF8E47421C0A9D9F00F55647 /* assignment10.xcdatamodel */ = {isa = PBXFileReference; lastKnownFileType = wrapper.xcdatamodel; path = assignment10.xcdatamodel; sourceTree = "<group>"; };
		EF8E47441C0A9D9F00F55647 /* Assets.xcassets */ = {isa = PBXFileReference; lastKnownFileType = folder.assetcatalog; path = Assets.xcassets; sourceTree = "<group>"; };
		EF8E47471C0A9D9F00F55647 /* Base */ = {isa = PBXFileReference; lastKnownFileType = file.storyboard; name = Base; path = Base.lproj/LaunchScreen.storyboard; sourceTree = "<group>"; };
		EF8E47491C0A9D9F00F55647 /* Info.plist */ = {isa = PBXFileReference; lastKnownFileType = text.plist.xml; path = Info.plist; sourceTree = "<group>"; };
		EF8E474E1C0A9D9F00F55647 /* assignment10Tests.xctest */ = {isa = PBXFileReference; explicitFileType = wrapper.cfbundle; includeInIndex = 0; path = assignment10Tests.xctest; sourceTree = BUILT_PRODUCTS_DIR; };
		EF8E47521C0A9D9F00F55647 /* assignment10Tests.m */ = {isa = PBXFileReference; lastKnownFileType = sourcecode.c.objc; path = assignment10Tests.m; sourceTree = "<group>"; };
		EF8E47541C0A9D9F00F55647 /* Info.plist */ = {isa = PBXFileReference; lastKnownFileType = text.plist.xml; path = Info.plist; sourceTree = "<group>"; };
		EF8E47591C0A9D9F00F55647 /* assignment10UITests.xctest */ = {isa = PBXFileReference; explicitFileType = wrapper.cfbundle; includeInIndex = 0; path = assignment10UITests.xctest; sourceTree = BUILT_PRODUCTS_DIR; };
		EF8E475D1C0A9D9F00F55647 /* assignment10UITests.m */ = {isa = PBXFileReference; lastKnownFileType = sourcecode.c.objc; path = assignment10UITests.m; sourceTree = "<group>"; };
		EF8E475F1C0A9D9F00F55647 /* Info.plist */ = {isa = PBXFileReference; lastKnownFileType = text.plist.xml; path = Info.plist; sourceTree = "<group>"; };
		EF8E476B1C0CD39A00F55647 /* closed.png */ = {isa = PBXFileReference; lastKnownFileType = image.png; name = closed.png; path = ../closed.png; sourceTree = "<group>"; };
		EF8E476C1C0CD39A00F55647 /* open.png */ = {isa = PBXFileReference; lastKnownFileType = image.png; name = open.png; path = ../open.png; sourceTree = "<group>"; };
		EF8E476F1C0CDAE500F55647 /* Issue.h */ = {isa = PBXFileReference; fileEncoding = 4; lastKnownFileType = sourcecode.c.h; path = Issue.h; sourceTree = "<group>"; };
		EF8E47701C0CDAE500F55647 /* Issue.m */ = {isa = PBXFileReference; fileEncoding = 4; lastKnownFileType = sourcecode.c.objc; path = Issue.m; sourceTree = "<group>"; };
		EF8E47721C0CE4A300F55647 /* IssueDetailViewController.h */ = {isa = PBXFileReference; fileEncoding = 4; lastKnownFileType = sourcecode.c.h; path = IssueDetailViewController.h; sourceTree = "<group>"; };
		EF8E47731C0CE4A300F55647 /* IssueDetailViewController.m */ = {isa = PBXFileReference; fileEncoding = 4; lastKnownFileType = sourcecode.c.objc; path = IssueDetailViewController.m; sourceTree = "<group>"; };
/* End PBXFileReference section */

/* Begin PBXFrameworksBuildPhase section */
		EF8E472F1C0A9D9E00F55647 /* Frameworks */ = {
			isa = PBXFrameworksBuildPhase;
			buildActionMask = 2147483647;
			files = (
			);
			runOnlyForDeploymentPostprocessing = 0;
		};
		EF8E474B1C0A9D9F00F55647 /* Frameworks */ = {
			isa = PBXFrameworksBuildPhase;
			buildActionMask = 2147483647;
			files = (
			);
			runOnlyForDeploymentPostprocessing = 0;
		};
		EF8E47561C0A9D9F00F55647 /* Frameworks */ = {
			isa = PBXFrameworksBuildPhase;
			buildActionMask = 2147483647;
			files = (
			);
			runOnlyForDeploymentPostprocessing = 0;
		};
/* End PBXFrameworksBuildPhase section */

/* Begin PBXGroup section */
		EF8E47291C0A9D9E00F55647 = {
			isa = PBXGroup;
			children = (
				EF8E47341C0A9D9F00F55647 /* assignment10 */,
				EF8E47511C0A9D9F00F55647 /* assignment10Tests */,
				EF8E475C1C0A9D9F00F55647 /* assignment10UITests */,
				EF8E47331C0A9D9E00F55647 /* Products */,
			);
			sourceTree = "<group>";
		};
		EF8E47331C0A9D9E00F55647 /* Products */ = {
			isa = PBXGroup;
			children = (
				EF8E47321C0A9D9E00F55647 /* assignment10.app */,
				EF8E474E1C0A9D9F00F55647 /* assignment10Tests.xctest */,
				EF8E47591C0A9D9F00F55647 /* assignment10UITests.xctest */,
			);
			name = Products;
			sourceTree = "<group>";
		};
		EF8E47341C0A9D9F00F55647 /* assignment10 */ = {
			isa = PBXGroup;
			children = (
				EF8E476F1C0CDAE500F55647 /* Issue.h */,
				EF8E47701C0CDAE500F55647 /* Issue.m */,
				EF8E47381C0A9D9F00F55647 /* AppDelegate.h */,
				EF8E47391C0A9D9F00F55647 /* AppDelegate.m */,
				EF8E473B1C0A9D9F00F55647 /* ViewController.h */,
				EF8E473C1C0A9D9F00F55647 /* ViewController.m */,
				EF8E47721C0CE4A300F55647 /* IssueDetailViewController.h */,
				EF8E47731C0CE4A300F55647 /* IssueDetailViewController.m */,
				EF8E473E1C0A9D9F00F55647 /* Main.storyboard */,
				EF8E47441C0A9D9F00F55647 /* Assets.xcassets */,
				EF8E47461C0A9D9F00F55647 /* LaunchScreen.storyboard */,
				EF8E47491C0A9D9F00F55647 /* Info.plist */,
				EF8E47411C0A9D9F00F55647 /* assignment10.xcdatamodeld */,
				EF8E476B1C0CD39A00F55647 /* closed.png */,
				EF8E476C1C0CD39A00F55647 /* open.png */,
				EF8E47351C0A9D9F00F55647 /* Supporting Files */,
			);
			path = assignment10;
			sourceTree = "<group>";
		};
		EF8E47351C0A9D9F00F55647 /* Supporting Files */ = {
			isa = PBXGroup;
			children = (
				EF8E47361C0A9D9F00F55647 /* main.m */,
			);
			name = "Supporting Files";
			sourceTree = "<group>";
		};
		EF8E47511C0A9D9F00F55647 /* assignment10Tests */ = {
			isa = PBXGroup;
			children = (
				EF8E47521C0A9D9F00F55647 /* assignment10Tests.m */,
				EF8E47541C0A9D9F00F55647 /* Info.plist */,
			);
			path = assignment10Tests;
			sourceTree = "<group>";
		};
		EF8E475C1C0A9D9F00F55647 /* assignment10UITests */ = {
			isa = PBXGroup;
			children = (
				EF8E475D1C0A9D9F00F55647 /* assignment10UITests.m */,
				EF8E475F1C0A9D9F00F55647 /* Info.plist */,
			);
			path = assignment10UITests;
			sourceTree = "<group>";
		};
/* End PBXGroup section */

/* Begin PBXNativeTarget section */
		EF8E47311C0A9D9E00F55647 /* assignment10 */ = {
			isa = PBXNativeTarget;
			buildConfigurationList = EF8E47621C0A9D9F00F55647 /* Build configuration list for PBXNativeTarget "assignment10" */;
			buildPhases = (
				EF8E472E1C0A9D9E00F55647 /* Sources */,
				EF8E472F1C0A9D9E00F55647 /* Frameworks */,
				EF8E47301C0A9D9E00F55647 /* Resources */,
			);
			buildRules = (
			);
			dependencies = (
			);
			name = assignment10;
			productName = assignment10;
			productReference = EF8E47321C0A9D9E00F55647 /* assignment10.app */;
			productType = "com.apple.product-type.application";
		};
		EF8E474D1C0A9D9F00F55647 /* assignment10Tests */ = {
			isa = PBXNativeTarget;
			buildConfigurationList = EF8E47651C0A9D9F00F55647 /* Build configuration list for PBXNativeTarget "assignment10Tests" */;
			buildPhases = (
				EF8E474A1C0A9D9F00F55647 /* Sources */,
				EF8E474B1C0A9D9F00F55647 /* Frameworks */,
				EF8E474C1C0A9D9F00F55647 /* Resources */,
			);
			buildRules = (
			);
			dependencies = (
				EF8E47501C0A9D9F00F55647 /* PBXTargetDependency */,
			);
			name = assignment10Tests;
			productName = assignment10Tests;
			productReference = EF8E474E1C0A9D9F00F55647 /* assignment10Tests.xctest */;
			productType = "com.apple.product-type.bundle.unit-test";
		};
		EF8E47581C0A9D9F00F55647 /* assignment10UITests */ = {
			isa = PBXNativeTarget;
			buildConfigurationList = EF8E47681C0A9D9F00F55647 /* Build configuration list for PBXNativeTarget "assignment10UITests" */;
			buildPhases = (
				EF8E47551C0A9D9F00F55647 /* Sources */,
				EF8E47561C0A9D9F00F55647 /* Frameworks */,
				EF8E47571C0A9D9F00F55647 /* Resources */,
			);
			buildRules = (
			);
			dependencies = (
				EF8E475B1C0A9D9F00F55647 /* PBXTargetDependency */,
			);
			name = assignment10UITests;
			productName = assignment10UITests;
			productReference = EF8E47591C0A9D9F00F55647 /* assignment10UITests.xctest */;
			productType = "com.apple.product-type.bundle.ui-testing";
		};
/* End PBXNativeTarget section */

/* Begin PBXProject section */
		EF8E472A1C0A9D9E00F55647 /* Project object */ = {
			isa = PBXProject;
			attributes = {
				LastUpgradeCheck = 0710;
				ORGANIZATIONNAME = "Vaibhav Mistry";
				TargetAttributes = {
					EF8E47311C0A9D9E00F55647 = {
						CreatedOnToolsVersion = 7.1.1;
						DevelopmentTeam = NNGAJEPAAS;
					};
					EF8E474D1C0A9D9F00F55647 = {
						CreatedOnToolsVersion = 7.1.1;
						DevelopmentTeam = NNGAJEPAAS;
						TestTargetID = EF8E47311C0A9D9E00F55647;
					};
					EF8E47581C0A9D9F00F55647 = {
						CreatedOnToolsVersion = 7.1.1;
						DevelopmentTeam = NNGAJEPAAS;
						TestTargetID = EF8E47311C0A9D9E00F55647;
					};
				};
			};
			buildConfigurationList = EF8E472D1C0A9D9E00F55647 /* Build configuration list for PBXProject "assignment10" */;
			compatibilityVersion = "Xcode 3.2";
			developmentRegion = English;
			hasScannedForEncodings = 0;
			knownRegions = (
				en,
				Base,
			);
			mainGroup = EF8E47291C0A9D9E00F55647;
			productRefGroup = EF8E47331C0A9D9E00F55647 /* Products */;
			projectDirPath = "";
			projectRoot = "";
			targets = (
				EF8E47311C0A9D9E00F55647 /* assignment10 */,
				EF8E474D1C0A9D9F00F55647 /* assignment10Tests */,
				EF8E47581C0A9D9F00F55647 /* assignment10UITests */,
			);
		};
/* End PBXProject section */

/* Begin PBXResourcesBuildPhase section */
		EF8E47301C0A9D9E00F55647 /* Resources */ = {
			isa = PBXResourcesBuildPhase;
			buildActionMask = 2147483647;
			files = (
				EF8E47481C0A9D9F00F55647 /* LaunchScreen.storyboard in Resources */,
				EF8E476E1C0CD39A00F55647 /* open.png in Resources */,
				EF8E47451C0A9D9F00F55647 /* Assets.xcassets in Resources */,
				EF8E47401C0A9D9F00F55647 /* Main.storyboard in Resources */,
				EF8E476D1C0CD39A00F55647 /* closed.png in Resources */,
			);
			runOnlyForDeploymentPostprocessing = 0;
		};
		EF8E474C1C0A9D9F00F55647 /* Resources */ = {
			isa = PBXResourcesBuildPhase;
			buildActionMask = 2147483647;
			files = (
			);
			runOnlyForDeploymentPostprocessing = 0;
		};
		EF8E47571C0A9D9F00F55647 /* Resources */ = {
			isa = PBXResourcesBuildPhase;
			buildActionMask = 2147483647;
			files = (
			);
			runOnlyForDeploymentPostprocessing = 0;
		};
/* End PBXResourcesBuildPhase section */

/* Begin PBXSourcesBuildPhase section */
		EF8E472E1C0A9D9E00F55647 /* Sources */ = {
			isa = PBXSourcesBuildPhase;
			buildActionMask = 2147483647;
			files = (
				EF8E473D1C0A9D9F00F55647 /* ViewController.m in Sources */,
				EF8E47741C0CE4A300F55647 /* IssueDetailViewController.m in Sources */,
				EF8E473A1C0A9D9F00F55647 /* AppDelegate.m in Sources */,
				EF8E47711C0CDAE500F55647 /* Issue.m in Sources */,
				EF8E47371C0A9D9F00F55647 /* main.m in Sources */,
				EF8E47431C0A9D9F00F55647 /* assignment10.xcdatamodeld in Sources */,
			);
			runOnlyForDeploymentPostprocessing = 0;
		};
		EF8E474A1C0A9D9F00F55647 /* Sources */ = {
			isa = PBXSourcesBuildPhase;
			buildActionMask = 2147483647;
			files = (
				EF8E47531C0A9D9F00F55647 /* assignment10Tests.m in Sources */,
			);
			runOnlyForDeploymentPostprocessing = 0;
		};
		EF8E47551C0A9D9F00F55647 /* Sources */ = {
			isa = PBXSourcesBuildPhase;
			buildActionMask = 2147483647;
			files = (
				EF8E475E1C0A9D9F00F55647 /* assignment10UITests.m in Sources */,
			);
			runOnlyForDeploymentPostprocessing = 0;
		};
/* End PBXSourcesBuildPhase section */

/* Begin PBXTargetDependency section */
		EF8E47501C0A9D9F00F55647 /* PBXTargetDependency */ = {
			isa = PBXTargetDependency;
			target = EF8E47311C0A9D9E00F55647 /* assignment10 */;
			targetProxy = EF8E474F1C0A9D9F00F55647 /* PBXContainerItemProxy */;
		};
		EF8E475B1C0A9D9F00F55647 /* PBXTargetDependency */ = {
			isa = PBXTargetDependency;
			target = EF8E47311C0A9D9E00F55647 /* assignment10 */;
			targetProxy = EF8E475A1C0A9D9F00F55647 /* PBXContainerItemProxy */;
		};
/* End PBXTargetDependency section */

/* Begin PBXVariantGroup section */
		EF8E473E1C0A9D9F00F55647 /* Main.storyboard */ = {
			isa = PBXVariantGroup;
			children = (
				EF8E473F1C0A9D9F00F55647 /* Base */,
			);
			name = Main.storyboard;
			sourceTree = "<group>";
		};
		EF8E47461C0A9D9F00F55647 /* LaunchScreen.storyboard */ = {
			isa = PBXVariantGroup;
			children = (
				EF8E47471C0A9D9F00F55647 /* Base */,
			);
			name = LaunchScreen.storyboard;
			sourceTree = "<group>";
		};
/* End PBXVariantGroup section */

/* Begin XCBuildConfiguration section */
		EF8E47601C0A9D9F00F55647 /* Debug */ = {
			isa = XCBuildConfiguration;
			buildSettings = {
				ALWAYS_SEARCH_USER_PATHS = NO;
				CLANG_CXX_LANGUAGE_STANDARD = "gnu++0x";
				CLANG_CXX_LIBRARY = "libc++";
				CLANG_ENABLE_MODULES = YES;
				CLANG_ENABLE_OBJC_ARC = YES;
				CLANG_WARN_BOOL_CONVERSION = YES;
				CLANG_WARN_CONSTANT_CONVERSION = YES;
				CLANG_WARN_DIRECT_OBJC_ISA_USAGE = YES_ERROR;
				CLANG_WARN_EMPTY_BODY = YES;
				CLANG_WARN_ENUM_CONVERSION = YES;
				CLANG_WARN_INT_CONVERSION = YES;
				CLANG_WARN_OBJC_ROOT_CLASS = YES_ERROR;
				CLANG_WARN_UNREACHABLE_CODE = YES;
				CLANG_WARN__DUPLICATE_METHOD_MATCH = YES;
				"CODE_SIGN_IDENTITY[sdk=iphoneos*]" = "iPhone Developer";
				COPY_PHASE_STRIP = NO;
				DEBUG_INFORMATION_FORMAT = dwarf;
				ENABLE_STRICT_OBJC_MSGSEND = YES;
				ENABLE_TESTABILITY = YES;
				GCC_C_LANGUAGE_STANDARD = gnu99;
				GCC_DYNAMIC_NO_PIC = NO;
				GCC_NO_COMMON_BLOCKS = YES;
				GCC_OPTIMIZATION_LEVEL = 0;
				GCC_PREPROCESSOR_DEFINITIONS = (
					"DEBUG=1",
					"$(inherited)",
				);
				GCC_WARN_64_TO_32_BIT_CONVERSION = YES;
				GCC_WARN_ABOUT_RETURN_TYPE = YES_ERROR;
				GCC_WARN_UNDECLARED_SELECTOR = YES;
				GCC_WARN_UNINITIALIZED_AUTOS = YES_AGGRESSIVE;
				GCC_WARN_UNUSED_FUNCTION = YES;
				GCC_WARN_UNUSED_VARIABLE = YES;
				IPHONEOS_DEPLOYMENT_TARGET = 9.1;
				MTL_ENABLE_DEBUG_INFO = YES;
				ONLY_ACTIVE_ARCH = YES;
				SDKROOT = iphoneos;
				TARGETED_DEVICE_FAMILY = 2;
			};
			name = Debug;
		};
		EF8E47611C0A9D9F00F55647 /* Release */ = {
			isa = XCBuildConfiguration;
			buildSettings = {
				ALWAYS_SEARCH_USER_PATHS = NO;
				CLANG_CXX_LANGUAGE_STANDARD = "gnu++0x";
				CLANG_CXX_LIBRARY = "libc++";
				CLANG_ENABLE_MODULES = YES;
				CLANG_ENABLE_OBJC_ARC = YES;
				CLANG_WARN_BOOL_CONVERSION = YES;
				CLANG_WARN_CONSTANT_CONVERSION = YES;
				CLANG_WARN_DIRECT_OBJC_ISA_USAGE = YES_ERROR;
				CLANG_WARN_EMPTY_BODY = YES;
				CLANG_WARN_ENUM_CONVERSION = YES;
				CLANG_WARN_INT_CONVERSION = YES;
				CLANG_WARN_OBJC_ROOT_CLASS = YES_ERROR;
				CLANG_WARN_UNREACHABLE_CODE = YES;
				CLANG_WARN__DUPLICATE_METHOD_MATCH = YES;
				"CODE_SIGN_IDENTITY[sdk=iphoneos*]" = "iPhone Developer";
				COPY_PHASE_STRIP = NO;
				DEBUG_INFORMATION_FORMAT = "dwarf-with-dsym";
				ENABLE_NS_ASSERTIONS = NO;
				ENABLE_STRICT_OBJC_MSGSEND = YES;
				GCC_C_LANGUAGE_STANDARD = gnu99;
				GCC_NO_COMMON_BLOCKS = YES;
				GCC_WARN_64_TO_32_BIT_CONVERSION = YES;
				GCC_WARN_ABOUT_RETURN_TYPE = YES_ERROR;
				GCC_WARN_UNDECLARED_SELECTOR = YES;
				GCC_WARN_UNINITIALIZED_AUTOS = YES_AGGRESSIVE;
				GCC_WARN_UNUSED_FUNCTION = YES;
				GCC_WARN_UNUSED_VARIABLE = YES;
				IPHONEOS_DEPLOYMENT_TARGET = 9.1;
				MTL_ENABLE_DEBUG_INFO = NO;
				SDKROOT = iphoneos;
				TARGETED_DEVICE_FAMILY = 2;
				VALIDATE_PRODUCT = YES;
			};
			name = Release;
		};
		EF8E47631C0A9D9F00F55647 /* Debug */ = {
			isa = XCBuildConfiguration;
			buildSettings = {
				ASSETCATALOG_COMPILER_APPICON_NAME = AppIcon;
				INFOPLIST_FILE = assignment10/Info.plist;
				LD_RUNPATH_SEARCH_PATHS = "$(inherited) @executable_path/Frameworks";
				PRODUCT_BUNDLE_IDENTIFIER = com.neu.assignment10;
				PRODUCT_NAME = "$(TARGET_NAME)";
			};
			name = Debug;
		};
		EF8E47641C0A9D9F00F55647 /* Release */ = {
			isa = XCBuildConfiguration;
			buildSettings = {
				ASSETCATALOG_COMPILER_APPICON_NAME = AppIcon;
				INFOPLIST_FILE = assignment10/Info.plist;
				LD_RUNPATH_SEARCH_PATHS = "$(inherited) @executable_path/Frameworks";
				PRODUCT_BUNDLE_IDENTIFIER = com.neu.assignment10;
				PRODUCT_NAME = "$(TARGET_NAME)";
			};
			name = Release;
		};
		EF8E47661C0A9D9F00F55647 /* Debug */ = {
			isa = XCBuildConfiguration;
			buildSettings = {
				BUNDLE_LOADER = "$(TEST_HOST)";
				INFOPLIST_FILE = assignment10Tests/Info.plist;
				LD_RUNPATH_SEARCH_PATHS = "$(inherited) @executable_path/Frameworks @loader_path/Frameworks";
				PRODUCT_BUNDLE_IDENTIFIER = com.neu.assignment10Tests;
				PRODUCT_NAME = "$(TARGET_NAME)";
				TEST_HOST = "$(BUILT_PRODUCTS_DIR)/assignment10.app/assignment10";
			};
			name = Debug;
		};
		EF8E47671C0A9D9F00F55647 /* Release */ = {
			isa = XCBuildConfiguration;
			buildSettings = {
				BUNDLE_LOADER = "$(TEST_HOST)";
				INFOPLIST_FILE = assignment10Tests/Info.plist;
				LD_RUNPATH_SEARCH_PATHS = "$(inherited) @executable_path/Frameworks @loader_path/Frameworks";
				PRODUCT_BUNDLE_IDENTIFIER = com.neu.assignment10Tests;
				PRODUCT_NAME = "$(TARGET_NAME)";
				TEST_HOST = "$(BUILT_PRODUCTS_DIR)/assignment10.app/assignment10";
			};
			name = Release;
		};
		EF8E47691C0A9D9F00F55647 /* Debug */ = {
			isa = XCBuildConfiguration;
			buildSettings = {
				INFOPLIST_FILE = assignment10UITests/Info.plist;
				LD_RUNPATH_SEARCH_PATHS = "$(inherited) @executable_path/Frameworks @loader_path/Frameworks";
				PRODUCT_BUNDLE_IDENTIFIER = com.neu.assignment10UITests;
				PRODUCT_NAME = "$(TARGET_NAME)";
				TEST_TARGET_NAME = assignment10;
				USES_XCTRUNNER = YES;
			};
			name = Debug;
		};
		EF8E476A1C0A9D9F00F55647 /* Release */ = {
			isa = XCBuildConfiguration;
			buildSettings = {
				INFOPLIST_FILE = assignment10UITests/Info.plist;
				LD_RUNPATH_SEARCH_PATHS = "$(inherited) @executable_path/Frameworks @loader_path/Frameworks";
				PRODUCT_BUNDLE_IDENTIFIER = com.neu.assignment10UITests;
				PRODUCT_NAME = "$(TARGET_NAME)";
				TEST_TARGET_NAME = assignment10;
				USES_XCTRUNNER = YES;
			};
			name = Release;
		};
/* End XCBuildConfiguration section */

/* Begin XCConfigurationList section */
		EF8E472D1C0A9D9E00F55647 /* Build configuration list for PBXProject "assignment10" */ = {
			isa = XCConfigurationList;
			buildConfigurations = (
				EF8E47601C0A9D9F00F55647 /* Debug */,
				EF8E47611C0A9D9F00F55647 /* Release */,
			);
			defaultConfigurationIsVisible = 0;
			defaultConfigurationName = Release;
		};
		EF8E47621C0A9D9F00F55647 /* Build configuration list for PBXNativeTarget "assignment10" */ = {
			isa = XCConfigurationList;
			buildConfigurations = (
				EF8E47631C0A9D9F00F55647 /* Debug */,
				EF8E47641C0A9D9F00F55647 /* Release */,
			);
			defaultConfigurationIsVisible = 0;
		};
		EF8E47651C0A9D9F00F55647 /* Build configuration list for PBXNativeTarget "assignment10Tests" */ = {
			isa = XCConfigurationList;
			buildConfigurations = (
				EF8E47661C0A9D9F00F55647 /* Debug */,
				EF8E47671C0A9D9F00F55647 /* Release */,
			);
			defaultConfigurationIsVisible = 0;
		};
		EF8E47681C0A9D9F00F55647 /* Build configuration list for PBXNativeTarget "assignment10UITests" */ = {
			isa = XCConfigurationList;
			buildConfigurations = (
				EF8E47691C0A9D9F00F55647 /* Debug */,
				EF8E476A1C0A9D9F00F55647 /* Release */,
			);
			defaultConfigurationIsVisible = 0;
		};
/* End XCConfigurationList section */

/* Begin XCVersionGroup section */
		EF8E47411C0A9D9F00F55647 /* assignment10.xcdatamodeld */ = {
			isa = XCVersionGroup;
			children = (
				EF8E47421C0A9D9F00F55647 /* assignment10.xcdatamodel */,
			);
			currentVersion = EF8E47421C0A9D9F00F55647 /* assignment10.xcdatamodel */;
			path = assignment10.xcdatamodeld;
			sourceTree = "<group>";
			versionGroupType = wrapper.xcdatamodel;
		};
/* End XCVersionGroup section */
	};
	rootObject = EF8E472A1C0A9D9E00F55647 /* Project object */;
}
